
Microsoft Visual Studio Solution File, Format Version 12.00
# Visual Studio 2012
Project("{8BC9CEB8-8B4A-11D0-8D11-00A0C91BC942}") = "fertilized", "fertilized\fertilized.vcxproj", "{1AA35DFB-9560-4EDB-9E8B-3DA6D6EEC6BF}"
EndProject
Project("{2150E333-8FDC-42A3-9474-1A3956D46DE8}") = "Solution Items", "Solution Items", "{95F5AB9B-FA7A-4608-A04E-7AB3557A0D34}"
	ProjectSection(SolutionItems) = preProject
		build_release.bat = build_release.bat
		license.txt = license.txt
		README.MD = README.MD
		SConscript.py = SConscript.py
		SConstruct = SConstruct
	EndProjectSection
EndProject
Project("{8BC9CEB8-8B4A-11D0-8D11-00A0C91BC942}") = "pyfertilized", "pyfertilized\pyfertilized.vcxproj", "{CC74E343-85F9-461E-9607-BA20965589DC}"
EndProject
Project("{888888A0-9F3D-457C-B088-3A5042F75D52}") = "Presentation", "Presentation\Presentation.pyproj", "{A57D344D-0DDC-4F0F-A4DB-1BD34200AC1A}"
EndProject
Project("{8BC9CEB8-8B4A-11D0-8D11-00A0C91BC942}") = "documentation", "documentation\documentation.vcxproj", "{54DE39A3-8D36-45C8-9880-C2D517886388}"
EndProject
Project("{8BC9CEB8-8B4A-11D0-8D11-00A0C91BC942}") = "fertilized_tests", "fertilized_tests\fertilized_tests.vcxproj", "{673B9E68-CB0C-49C7-AEA7-65D0EA668822}"
EndProject
Project("{2150E333-8FDC-42A3-9474-1A3956D46DE8}") = "SConsChecks", "SConsChecks", "{DBE1B9A2-EAEF-4128-B5CC-859654DA39C9}"
	ProjectSection(SolutionItems) = preProject
		SConsChecks\__init__.py = SConsChecks\__init__.py
		SConsChecks\_tools.py = SConsChecks\_tools.py
		SConsChecks\boost.py = SConsChecks\boost.py
		SConsChecks\eigen.py = SConsChecks\eigen.py
		SConsChecks\fftw.py = SConsChecks\fftw.py
		SConsChecks\matlab.py = SConsChecks\matlab.py
		SConsChecks\opencv.py = SConsChecks\opencv.py
		SConsChecks\python.py = SConsChecks\python.py
		SConsChecks\README.MD = SConsChecks\README.MD
		SConsChecks\swig.py = SConsChecks\swig.py
	EndProjectSection
EndProject
Project("{888888A0-9F3D-457C-B088-3A5042F75D52}") = "CodeGenerator", "CodeGenerator\CodeGenerator.pyproj", "{0A6B0517-29EE-4434-956B-0F09F9FAECB1}"
EndProject
Project("{8BC9CEB8-8B4A-11D0-8D11-00A0C91BC942}") = "matfertilized", "matfertilized\matfertilized.vcxproj", "{261F9BAC-1F51-47B6-BA60-6284A48F2B34}"
EndProject
Global
	GlobalSection(SolutionConfigurationPlatforms) = preSolution
		Debug|Any CPU = Debug|Any CPU
		Debug|Mixed Platforms = Debug|Mixed Platforms
		Debug|Win32 = Debug|Win32
		Debug|x64 = Debug|x64
		Release|Any CPU = Release|Any CPU
		Release|Mixed Platforms = Release|Mixed Platforms
		Release|Win32 = Release|Win32
		Release|x64 = Release|x64
		Test|Any CPU = Test|Any CPU
		Test|Mixed Platforms = Test|Mixed Platforms
		Test|Win32 = Test|Win32
		Test|x64 = Test|x64
		XPhi|Any CPU = XPhi|Any CPU
		XPhi|Mixed Platforms = XPhi|Mixed Platforms
		XPhi|Win32 = XPhi|Win32
		XPhi|x64 = XPhi|x64
		XPhiDebug|Any CPU = XPhiDebug|Any CPU
		XPhiDebug|Mixed Platforms = XPhiDebug|Mixed Platforms
		XPhiDebug|Win32 = XPhiDebug|Win32
		XPhiDebug|x64 = XPhiDebug|x64
	EndGlobalSection
	GlobalSection(ProjectConfigurationPlatforms) = postSolution
		{1AA35DFB-9560-4EDB-9E8B-3DA6D6EEC6BF}.Debug|Any CPU.ActiveCfg = Debug|Win32
		{1AA35DFB-9560-4EDB-9E8B-3DA6D6EEC6BF}.Debug|Mixed Platforms.ActiveCfg = Debug|Win32
		{1AA35DFB-9560-4EDB-9E8B-3DA6D6EEC6BF}.Debug|Mixed Platforms.Build.0 = Debug|Win32
		{1AA35DFB-9560-4EDB-9E8B-3DA6D6EEC6BF}.Debug|Win32.ActiveCfg = Debug|Win32
		{1AA35DFB-9560-4EDB-9E8B-3DA6D6EEC6BF}.Debug|Win32.Build.0 = Debug|Win32
		{1AA35DFB-9560-4EDB-9E8B-3DA6D6EEC6BF}.Debug|x64.ActiveCfg = Debug|x64
		{1AA35DFB-9560-4EDB-9E8B-3DA6D6EEC6BF}.Debug|x64.Build.0 = Debug|x64
		{1AA35DFB-9560-4EDB-9E8B-3DA6D6EEC6BF}.Release|Any CPU.ActiveCfg = Release|Win32
		{1AA35DFB-9560-4EDB-9E8B-3DA6D6EEC6BF}.Release|Mixed Platforms.ActiveCfg = Release|x64
		{1AA35DFB-9560-4EDB-9E8B-3DA6D6EEC6BF}.Release|Mixed Platforms.Build.0 = Release|x64
		{1AA35DFB-9560-4EDB-9E8B-3DA6D6EEC6BF}.Release|Win32.ActiveCfg = Release|Win32
		{1AA35DFB-9560-4EDB-9E8B-3DA6D6EEC6BF}.Release|Win32.Build.0 = Release|Win32
		{1AA35DFB-9560-4EDB-9E8B-3DA6D6EEC6BF}.Release|x64.ActiveCfg = Release|x64
		{1AA35DFB-9560-4EDB-9E8B-3DA6D6EEC6BF}.Release|x64.Build.0 = Release|x64
		{1AA35DFB-9560-4EDB-9E8B-3DA6D6EEC6BF}.Test|Any CPU.ActiveCfg = Release|Win32
		{1AA35DFB-9560-4EDB-9E8B-3DA6D6EEC6BF}.Test|Mixed Platforms.ActiveCfg = Release|Win32
		{1AA35DFB-9560-4EDB-9E8B-3DA6D6EEC6BF}.Test|Mixed Platforms.Build.0 = Release|Win32
		{1AA35DFB-9560-4EDB-9E8B-3DA6D6EEC6BF}.Test|Win32.ActiveCfg = Release|Win32
		{1AA35DFB-9560-4EDB-9E8B-3DA6D6EEC6BF}.Test|Win32.Build.0 = Release|Win32
		{1AA35DFB-9560-4EDB-9E8B-3DA6D6EEC6BF}.Test|x64.ActiveCfg = Release|Win32
		{1AA35DFB-9560-4EDB-9E8B-3DA6D6EEC6BF}.XPhi|Any CPU.ActiveCfg = Release|Win32
		{1AA35DFB-9560-4EDB-9E8B-3DA6D6EEC6BF}.XPhi|Mixed Platforms.ActiveCfg = Release|Win32
		{1AA35DFB-9560-4EDB-9E8B-3DA6D6EEC6BF}.XPhi|Mixed Platforms.Build.0 = Release|Win32
		{1AA35DFB-9560-4EDB-9E8B-3DA6D6EEC6BF}.XPhi|Win32.ActiveCfg = Release|Win32
		{1AA35DFB-9560-4EDB-9E8B-3DA6D6EEC6BF}.XPhi|Win32.Build.0 = Release|Win32
		{1AA35DFB-9560-4EDB-9E8B-3DA6D6EEC6BF}.XPhi|x64.ActiveCfg = Release|Win32
		{1AA35DFB-9560-4EDB-9E8B-3DA6D6EEC6BF}.XPhiDebug|Any CPU.ActiveCfg = Debug|Win32
		{1AA35DFB-9560-4EDB-9E8B-3DA6D6EEC6BF}.XPhiDebug|Mixed Platforms.ActiveCfg = Debug|Win32
		{1AA35DFB-9560-4EDB-9E8B-3DA6D6EEC6BF}.XPhiDebug|Mixed Platforms.Build.0 = Debug|Win32
		{1AA35DFB-9560-4EDB-9E8B-3DA6D6EEC6BF}.XPhiDebug|Win32.ActiveCfg = Debug|Win32
		{1AA35DFB-9560-4EDB-9E8B-3DA6D6EEC6BF}.XPhiDebug|Win32.Build.0 = Debug|Win32
		{1AA35DFB-9560-4EDB-9E8B-3DA6D6EEC6BF}.XPhiDebug|x64.ActiveCfg = Debug|Win32
		{CC74E343-85F9-461E-9607-BA20965589DC}.Debug|Any CPU.ActiveCfg = Debug|Win32
		{CC74E343-85F9-461E-9607-BA20965589DC}.Debug|Mixed Platforms.ActiveCfg = Debug|Win32
		{CC74E343-85F9-461E-9607-BA20965589DC}.Debug|Mixed Platforms.Build.0 = Debug|Win32
		{CC74E343-85F9-461E-9607-BA20965589DC}.Debug|Win32.ActiveCfg = Debug|Win32
		{CC74E343-85F9-461E-9607-BA20965589DC}.Debug|Win32.Build.0 = Debug|Win32
		{CC74E343-85F9-461E-9607-BA20965589DC}.Debug|x64.ActiveCfg = Debug|x64
		{CC74E343-85F9-461E-9607-BA20965589DC}.Debug|x64.Build.0 = Debug|x64
		{CC74E343-85F9-461E-9607-BA20965589DC}.Release|Any CPU.ActiveCfg = Release|Win32
		{CC74E343-85F9-461E-9607-BA20965589DC}.Release|Mixed Platforms.ActiveCfg = Release|Win32
		{CC74E343-85F9-461E-9607-BA20965589DC}.Release|Mixed Platforms.Build.0 = Release|Win32
		{CC74E343-85F9-461E-9607-BA20965589DC}.Release|Win32.ActiveCfg = Release|Win32
		{CC74E343-85F9-461E-9607-BA20965589DC}.Release|Win32.Build.0 = Release|Win32
		{CC74E343-85F9-461E-9607-BA20965589DC}.Release|x64.ActiveCfg = Release|x64
		{CC74E343-85F9-461E-9607-BA20965589DC}.Release|x64.Build.0 = Release|x64
		{CC74E343-85F9-461E-9607-BA20965589DC}.Test|Any CPU.ActiveCfg = Release|Win32
		{CC74E343-85F9-461E-9607-BA20965589DC}.Test|Mixed Platforms.ActiveCfg = Release|Win32
		{CC74E343-85F9-461E-9607-BA20965589DC}.Test|Mixed Platforms.Build.0 = Release|Win32
		{CC74E343-85F9-461E-9607-BA20965589DC}.Test|Win32.ActiveCfg = Release|Win32
		{CC74E343-85F9-461E-9607-BA20965589DC}.Test|Win32.Build.0 = Release|Win32
		{CC74E343-85F9-461E-9607-BA20965589DC}.Test|x64.ActiveCfg = Release|Win32
		{CC74E343-85F9-461E-9607-BA20965589DC}.XPhi|Any CPU.ActiveCfg = Release|Win32
		{CC74E343-85F9-461E-9607-BA20965589DC}.XPhi|Mixed Platforms.ActiveCfg = Release|Win32
		{CC74E343-85F9-461E-9607-BA20965589DC}.XPhi|Mixed Platforms.Build.0 = Release|Win32
		{CC74E343-85F9-461E-9607-BA20965589DC}.XPhi|Win32.ActiveCfg = Release|Win32
		{CC74E343-85F9-461E-9607-BA20965589DC}.XPhi|Win32.Build.0 = Release|Win32
		{CC74E343-85F9-461E-9607-BA20965589DC}.XPhi|x64.ActiveCfg = Release|Win32
		{CC74E343-85F9-461E-9607-BA20965589DC}.XPhiDebug|Any CPU.ActiveCfg = Debug|Win32
		{CC74E343-85F9-461E-9607-BA20965589DC}.XPhiDebug|Mixed Platforms.ActiveCfg = Debug|Win32
		{CC74E343-85F9-461E-9607-BA20965589DC}.XPhiDebug|Mixed Platforms.Build.0 = Debug|Win32
		{CC74E343-85F9-461E-9607-BA20965589DC}.XPhiDebug|Win32.ActiveCfg = Debug|Win32
		{CC74E343-85F9-461E-9607-BA20965589DC}.XPhiDebug|Win32.Build.0 = Debug|Win32
		{CC74E343-85F9-461E-9607-BA20965589DC}.XPhiDebug|x64.ActiveCfg = Debug|Win32
		{A57D344D-0DDC-4F0F-A4DB-1BD34200AC1A}.Debug|Any CPU.ActiveCfg = Debug|Any CPU
		{A57D344D-0DDC-4F0F-A4DB-1BD34200AC1A}.Debug|Any CPU.Build.0 = Debug|Any CPU
		{A57D344D-0DDC-4F0F-A4DB-1BD34200AC1A}.Debug|Mixed Platforms.ActiveCfg = Debug|Any CPU
		{A57D344D-0DDC-4F0F-A4DB-1BD34200AC1A}.Debug|Mixed Platforms.Build.0 = Debug|Any CPU
		{A57D344D-0DDC-4F0F-A4DB-1BD34200AC1A}.Debug|Win32.ActiveCfg = Debug|Any CPU
		{A57D344D-0DDC-4F0F-A4DB-1BD34200AC1A}.Debug|x64.ActiveCfg = Debug|Any CPU
		{A57D344D-0DDC-4F0F-A4DB-1BD34200AC1A}.Release|Any CPU.ActiveCfg = Release|Any CPU
		{A57D344D-0DDC-4F0F-A4DB-1BD34200AC1A}.Release|Any CPU.Build.0 = Release|Any CPU
		{A57D344D-0DDC-4F0F-A4DB-1BD34200AC1A}.Release|Mixed Platforms.ActiveCfg = Release|Any CPU
		{A57D344D-0DDC-4F0F-A4DB-1BD34200AC1A}.Release|Mixed Platforms.Build.0 = Release|Any CPU
		{A57D344D-0DDC-4F0F-A4DB-1BD34200AC1A}.Release|Win32.ActiveCfg = Release|Any CPU
		{A57D344D-0DDC-4F0F-A4DB-1BD34200AC1A}.Release|x64.ActiveCfg = Release|Any CPU
		{A57D344D-0DDC-4F0F-A4DB-1BD34200AC1A}.Test|Any CPU.ActiveCfg = Release|Any CPU
		{A57D344D-0DDC-4F0F-A4DB-1BD34200AC1A}.Test|Any CPU.Build.0 = Release|Any CPU
		{A57D344D-0DDC-4F0F-A4DB-1BD34200AC1A}.Test|Mixed Platforms.ActiveCfg = Release|Any CPU
		{A57D344D-0DDC-4F0F-A4DB-1BD34200AC1A}.Test|Mixed Platforms.Build.0 = Release|Any CPU
		{A57D344D-0DDC-4F0F-A4DB-1BD34200AC1A}.Test|Win32.ActiveCfg = Release|Any CPU
		{A57D344D-0DDC-4F0F-A4DB-1BD34200AC1A}.Test|x64.ActiveCfg = Release|Any CPU
		{A57D344D-0DDC-4F0F-A4DB-1BD34200AC1A}.XPhi|Any CPU.ActiveCfg = Release|Any CPU
		{A57D344D-0DDC-4F0F-A4DB-1BD34200AC1A}.XPhi|Any CPU.Build.0 = Release|Any CPU
		{A57D344D-0DDC-4F0F-A4DB-1BD34200AC1A}.XPhi|Mixed Platforms.ActiveCfg = Release|Any CPU
		{A57D344D-0DDC-4F0F-A4DB-1BD34200AC1A}.XPhi|Mixed Platforms.Build.0 = Release|Any CPU
		{A57D344D-0DDC-4F0F-A4DB-1BD34200AC1A}.XPhi|Win32.ActiveCfg = Release|Any CPU
		{A57D344D-0DDC-4F0F-A4DB-1BD34200AC1A}.XPhi|x64.ActiveCfg = Release|Any CPU
		{A57D344D-0DDC-4F0F-A4DB-1BD34200AC1A}.XPhiDebug|Any CPU.ActiveCfg = Debug|Any CPU
		{A57D344D-0DDC-4F0F-A4DB-1BD34200AC1A}.XPhiDebug|Any CPU.Build.0 = Debug|Any CPU
		{A57D344D-0DDC-4F0F-A4DB-1BD34200AC1A}.XPhiDebug|Mixed Platforms.ActiveCfg = Debug|Any CPU
		{A57D344D-0DDC-4F0F-A4DB-1BD34200AC1A}.XPhiDebug|Mixed Platforms.Build.0 = Debug|Any CPU
		{A57D344D-0DDC-4F0F-A4DB-1BD34200AC1A}.XPhiDebug|Win32.ActiveCfg = Debug|Any CPU
		{A57D344D-0DDC-4F0F-A4DB-1BD34200AC1A}.XPhiDebug|x64.ActiveCfg = Debug|Any CPU
		{54DE39A3-8D36-45C8-9880-C2D517886388}.Debug|Any CPU.ActiveCfg = Debug|Win32
		{54DE39A3-8D36-45C8-9880-C2D517886388}.Debug|Mixed Platforms.ActiveCfg = Debug|Win32
		{54DE39A3-8D36-45C8-9880-C2D517886388}.Debug|Mixed Platforms.Build.0 = Debug|Win32
		{54DE39A3-8D36-45C8-9880-C2D517886388}.Debug|Win32.ActiveCfg = Debug|Win32
		{54DE39A3-8D36-45C8-9880-C2D517886388}.Debug|Win32.Build.0 = Debug|Win32
		{54DE39A3-8D36-45C8-9880-C2D517886388}.Debug|x64.ActiveCfg = Debug|Win32
		{54DE39A3-8D36-45C8-9880-C2D517886388}.Release|Any CPU.ActiveCfg = Release|Win32
		{54DE39A3-8D36-45C8-9880-C2D517886388}.Release|Mixed Platforms.ActiveCfg = Release|Win32
		{54DE39A3-8D36-45C8-9880-C2D517886388}.Release|Mixed Platforms.Build.0 = Release|Win32
		{54DE39A3-8D36-45C8-9880-C2D517886388}.Release|Win32.ActiveCfg = Release|Win32
		{54DE39A3-8D36-45C8-9880-C2D517886388}.Release|Win32.Build.0 = Release|Win32
		{54DE39A3-8D36-45C8-9880-C2D517886388}.Release|x64.ActiveCfg = Release|Win32
		{54DE39A3-8D36-45C8-9880-C2D517886388}.Test|Any CPU.ActiveCfg = Release|Win32
		{54DE39A3-8D36-45C8-9880-C2D517886388}.Test|Mixed Platforms.ActiveCfg = Release|Win32
		{54DE39A3-8D36-45C8-9880-C2D517886388}.Test|Mixed Platforms.Build.0 = Release|Win32
		{54DE39A3-8D36-45C8-9880-C2D517886388}.Test|Win32.ActiveCfg = Release|Win32
		{54DE39A3-8D36-45C8-9880-C2D517886388}.Test|Win32.Build.0 = Release|Win32
		{54DE39A3-8D36-45C8-9880-C2D517886388}.Test|x64.ActiveCfg = Release|Win32
		{54DE39A3-8D36-45C8-9880-C2D517886388}.XPhi|Any CPU.ActiveCfg = Release|Win32
		{54DE39A3-8D36-45C8-9880-C2D517886388}.XPhi|Mixed Platforms.ActiveCfg = Release|Win32
		{54DE39A3-8D36-45C8-9880-C2D517886388}.XPhi|Mixed Platforms.Build.0 = Release|Win32
		{54DE39A3-8D36-45C8-9880-C2D517886388}.XPhi|Win32.ActiveCfg = Release|Win32
		{54DE39A3-8D36-45C8-9880-C2D517886388}.XPhi|Win32.Build.0 = Release|Win32
		{54DE39A3-8D36-45C8-9880-C2D517886388}.XPhi|x64.ActiveCfg = Release|Win32
		{54DE39A3-8D36-45C8-9880-C2D517886388}.XPhiDebug|Any CPU.ActiveCfg = Debug|Win32
		{54DE39A3-8D36-45C8-9880-C2D517886388}.XPhiDebug|Mixed Platforms.ActiveCfg = Debug|Win32
		{54DE39A3-8D36-45C8-9880-C2D517886388}.XPhiDebug|Mixed Platforms.Build.0 = Debug|Win32
		{54DE39A3-8D36-45C8-9880-C2D517886388}.XPhiDebug|Win32.ActiveCfg = Debug|Win32
		{54DE39A3-8D36-45C8-9880-C2D517886388}.XPhiDebug|Win32.Build.0 = Debug|Win32
		{54DE39A3-8D36-45C8-9880-C2D517886388}.XPhiDebug|x64.ActiveCfg = Debug|Win32
		{673B9E68-CB0C-49C7-AEA7-65D0EA668822}.Debug|Any CPU.ActiveCfg = Debug|x64
		{673B9E68-CB0C-49C7-AEA7-65D0EA668822}.Debug|Mixed Platforms.ActiveCfg = Debug|x64
		{673B9E68-CB0C-49C7-AEA7-65D0EA668822}.Debug|Mixed Platforms.Build.0 = Debug|x64
		{673B9E68-CB0C-49C7-AEA7-65D0EA668822}.Debug|Win32.ActiveCfg = Debug|x64
		{673B9E68-CB0C-49C7-AEA7-65D0EA668822}.Debug|x64.ActiveCfg = Debug|x64
		{673B9E68-CB0C-49C7-AEA7-65D0EA668822}.Debug|x64.Build.0 = Debug|x64
		{673B9E68-CB0C-49C7-AEA7-65D0EA668822}.Release|Any CPU.ActiveCfg = Release|x64
		{673B9E68-CB0C-49C7-AEA7-65D0EA668822}.Release|Mixed Platforms.ActiveCfg = Release|x64
		{673B9E68-CB0C-49C7-AEA7-65D0EA668822}.Release|Mixed Platforms.Build.0 = Release|x64
		{673B9E68-CB0C-49C7-AEA7-65D0EA668822}.Release|Win32.ActiveCfg = Release|x64
		{673B9E68-CB0C-49C7-AEA7-65D0EA668822}.Release|x64.ActiveCfg = Release|x64
		{673B9E68-CB0C-49C7-AEA7-65D0EA668822}.Release|x64.Build.0 = Release|x64
		{673B9E68-CB0C-49C7-AEA7-65D0EA668822}.Test|Any CPU.ActiveCfg = Release|x64
		{673B9E68-CB0C-49C7-AEA7-65D0EA668822}.Test|Mixed Platforms.ActiveCfg = Release|x64
		{673B9E68-CB0C-49C7-AEA7-65D0EA668822}.Test|Mixed Platforms.Build.0 = Release|x64
		{673B9E68-CB0C-49C7-AEA7-65D0EA668822}.Test|Win32.ActiveCfg = Release|x64
		{673B9E68-CB0C-49C7-AEA7-65D0EA668822}.Test|x64.ActiveCfg = Release|x64
		{673B9E68-CB0C-49C7-AEA7-65D0EA668822}.Test|x64.Build.0 = Release|x64
		{673B9E68-CB0C-49C7-AEA7-65D0EA668822}.XPhi|Any CPU.ActiveCfg = Release|x64
		{673B9E68-CB0C-49C7-AEA7-65D0EA668822}.XPhi|Mixed Platforms.ActiveCfg = Release|x64
		{673B9E68-CB0C-49C7-AEA7-65D0EA668822}.XPhi|Mixed Platforms.Build.0 = Release|x64
		{673B9E68-CB0C-49C7-AEA7-65D0EA668822}.XPhi|Win32.ActiveCfg = Release|x64
		{673B9E68-CB0C-49C7-AEA7-65D0EA668822}.XPhi|x64.ActiveCfg = Release|x64
		{673B9E68-CB0C-49C7-AEA7-65D0EA668822}.XPhi|x64.Build.0 = Release|x64
		{673B9E68-CB0C-49C7-AEA7-65D0EA668822}.XPhiDebug|Any CPU.ActiveCfg = Debug|x64
		{673B9E68-CB0C-49C7-AEA7-65D0EA668822}.XPhiDebug|Mixed Platforms.ActiveCfg = Debug|x64
		{673B9E68-CB0C-49C7-AEA7-65D0EA668822}.XPhiDebug|Mixed Platforms.Build.0 = Debug|x64
		{673B9E68-CB0C-49C7-AEA7-65D0EA668822}.XPhiDebug|Win32.ActiveCfg = Debug|x64
		{673B9E68-CB0C-49C7-AEA7-65D0EA668822}.XPhiDebug|x64.ActiveCfg = Debug|x64
		{673B9E68-CB0C-49C7-AEA7-65D0EA668822}.XPhiDebug|x64.Build.0 = Debug|x64
		{0A6B0517-29EE-4434-956B-0F09F9FAECB1}.Debug|Any CPU.ActiveCfg = Debug|Any CPU
		{0A6B0517-29EE-4434-956B-0F09F9FAECB1}.Debug|Any CPU.Build.0 = Debug|Any CPU
		{0A6B0517-29EE-4434-956B-0F09F9FAECB1}.Debug|Mixed Platforms.ActiveCfg = Debug|Any CPU
		{0A6B0517-29EE-4434-956B-0F09F9FAECB1}.Debug|Mixed Platforms.Build.0 = Debug|Any CPU
		{0A6B0517-29EE-4434-956B-0F09F9FAECB1}.Debug|Win32.ActiveCfg = Debug|Any CPU
		{0A6B0517-29EE-4434-956B-0F09F9FAECB1}.Debug|x64.ActiveCfg = Debug|Any CPU
		{0A6B0517-29EE-4434-956B-0F09F9FAECB1}.Release|Any CPU.ActiveCfg = Release|Any CPU
		{0A6B0517-29EE-4434-956B-0F09F9FAECB1}.Release|Any CPU.Build.0 = Release|Any CPU
		{0A6B0517-29EE-4434-956B-0F09F9FAECB1}.Release|Mixed Platforms.ActiveCfg = Release|Any CPU
		{0A6B0517-29EE-4434-956B-0F09F9FAECB1}.Release|Mixed Platforms.Build.0 = Release|Any CPU
		{0A6B0517-29EE-4434-956B-0F09F9FAECB1}.Release|Win32.ActiveCfg = Release|Any CPU
		{0A6B0517-29EE-4434-956B-0F09F9FAECB1}.Release|x64.ActiveCfg = Release|Any CPU
		{0A6B0517-29EE-4434-956B-0F09F9FAECB1}.Test|Any CPU.ActiveCfg = Release|Any CPU
		{0A6B0517-29EE-4434-956B-0F09F9FAECB1}.Test|Any CPU.Build.0 = Release|Any CPU
		{0A6B0517-29EE-4434-956B-0F09F9FAECB1}.Test|Mixed Platforms.ActiveCfg = Release|Any CPU
		{0A6B0517-29EE-4434-956B-0F09F9FAECB1}.Test|Mixed Platforms.Build.0 = Release|Any CPU
		{0A6B0517-29EE-4434-956B-0F09F9FAECB1}.Test|Win32.ActiveCfg = Release|Any CPU
		{0A6B0517-29EE-4434-956B-0F09F9FAECB1}.Test|x64.ActiveCfg = Release|Any CPU
		{0A6B0517-29EE-4434-956B-0F09F9FAECB1}.XPhi|Any CPU.ActiveCfg = Release|Any CPU
		{0A6B0517-29EE-4434-956B-0F09F9FAECB1}.XPhi|Any CPU.Build.0 = Release|Any CPU
		{0A6B0517-29EE-4434-956B-0F09F9FAECB1}.XPhi|Mixed Platforms.ActiveCfg = Release|Any CPU
		{0A6B0517-29EE-4434-956B-0F09F9FAECB1}.XPhi|Mixed Platforms.Build.0 = Release|Any CPU
		{0A6B0517-29EE-4434-956B-0F09F9FAECB1}.XPhi|Win32.ActiveCfg = Release|Any CPU
		{0A6B0517-29EE-4434-956B-0F09F9FAECB1}.XPhi|x64.ActiveCfg = Release|Any CPU
		{0A6B0517-29EE-4434-956B-0F09F9FAECB1}.XPhiDebug|Any CPU.ActiveCfg = Debug|Any CPU
		{0A6B0517-29EE-4434-956B-0F09F9FAECB1}.XPhiDebug|Any CPU.Build.0 = Debug|Any CPU
		{0A6B0517-29EE-4434-956B-0F09F9FAECB1}.XPhiDebug|Mixed Platforms.ActiveCfg = Debug|Any CPU
		{0A6B0517-29EE-4434-956B-0F09F9FAECB1}.XPhiDebug|Mixed Platforms.Build.0 = Debug|Any CPU
		{0A6B0517-29EE-4434-956B-0F09F9FAECB1}.XPhiDebug|Win32.ActiveCfg = Debug|Any CPU
		{0A6B0517-29EE-4434-956B-0F09F9FAECB1}.XPhiDebug|x64.ActiveCfg = Debug|Any CPU
		{261F9BAC-1F51-47B6-BA60-6284A48F2B34}.Debug|Any CPU.ActiveCfg = Debug|Win32
		{261F9BAC-1F51-47B6-BA60-6284A48F2B34}.Debug|Mixed Platforms.ActiveCfg = Debug|Win32
		{261F9BAC-1F51-47B6-BA60-6284A48F2B34}.Debug|Mixed Platforms.Build.0 = Debug|Win32
		{261F9BAC-1F51-47B6-BA60-6284A48F2B34}.Debug|Win32.ActiveCfg = Debug|Win32
		{261F9BAC-1F51-47B6-BA60-6284A48F2B34}.Debug|Win32.Build.0 = Debug|Win32
		{261F9BAC-1F51-47B6-BA60-6284A48F2B34}.Debug|x64.ActiveCfg = Debug|Win32
		{261F9BAC-1F51-47B6-BA60-6284A48F2B34}.Release|Any CPU.ActiveCfg = Release|Win32
		{261F9BAC-1F51-47B6-BA60-6284A48F2B34}.Release|Mixed Platforms.ActiveCfg = Release|Win32
		{261F9BAC-1F51-47B6-BA60-6284A48F2B34}.Release|Mixed Platforms.Build.0 = Release|Win32
		{261F9BAC-1F51-47B6-BA60-6284A48F2B34}.Release|Win32.ActiveCfg = Release|Win32
		{261F9BAC-1F51-47B6-BA60-6284A48F2B34}.Release|Win32.Build.0 = Release|Win32
		{261F9BAC-1F51-47B6-BA60-6284A48F2B34}.Release|x64.ActiveCfg = Release|Win32
		{261F9BAC-1F51-47B6-BA60-6284A48F2B34}.Test|Any CPU.ActiveCfg = Release|Win32
		{261F9BAC-1F51-47B6-BA60-6284A48F2B34}.Test|Mixed Platforms.ActiveCfg = Release|Win32
		{261F9BAC-1F51-47B6-BA60-6284A48F2B34}.Test|Mixed Platforms.Build.0 = Release|Win32
		{261F9BAC-1F51-47B6-BA60-6284A48F2B34}.Test|Win32.ActiveCfg = Release|Win32
		{261F9BAC-1F51-47B6-BA60-6284A48F2B34}.Test|Win32.Build.0 = Release|Win32
		{261F9BAC-1F51-47B6-BA60-6284A48F2B34}.Test|x64.ActiveCfg = Release|Win32
		{261F9BAC-1F51-47B6-BA60-6284A48F2B34}.XPhi|Any CPU.ActiveCfg = Release|Win32
		{261F9BAC-1F51-47B6-BA60-6284A48F2B34}.XPhi|Mixed Platforms.ActiveCfg = Release|Win32
		{261F9BAC-1F51-47B6-BA60-6284A48F2B34}.XPhi|Mixed Platforms.Build.0 = Release|Win32
		{261F9BAC-1F51-47B6-BA60-6284A48F2B34}.XPhi|Win32.ActiveCfg = Release|Win32
		{261F9BAC-1F51-47B6-BA60-6284A48F2B34}.XPhi|Win32.Build.0 = Release|Win32
		{261F9BAC-1F51-47B6-BA60-6284A48F2B34}.XPhi|x64.ActiveCfg = Release|Win32
		{261F9BAC-1F51-47B6-BA60-6284A48F2B34}.XPhiDebug|Any CPU.ActiveCfg = Debug|Win32
		{261F9BAC-1F51-47B6-BA60-6284A48F2B34}.XPhiDebug|Mixed Platforms.ActiveCfg = Debug|Win32
		{261F9BAC-1F51-47B6-BA60-6284A48F2B34}.XPhiDebug|Mixed Platforms.Build.0 = Debug|Win32
		{261F9BAC-1F51-47B6-BA60-6284A48F2B34}.XPhiDebug|Win32.ActiveCfg = Debug|Win32
		{261F9BAC-1F51-47B6-BA60-6284A48F2B34}.XPhiDebug|Win32.Build.0 = Debug|Win32
		{261F9BAC-1F51-47B6-BA60-6284A48F2B34}.XPhiDebug|x64.ActiveCfg = Debug|Win32
	EndGlobalSection
	GlobalSection(SolutionProperties) = preSolution
		HideSolutionNode = FALSE
	EndGlobalSection
	GlobalSection(NestedProjects) = preSolution
		{DBE1B9A2-EAEF-4128-B5CC-859654DA39C9} = {95F5AB9B-FA7A-4608-A04E-7AB3557A0D34}
	EndGlobalSection
EndGlobal
