<?xml version="1.0" encoding="utf-8"?>
<Project ToolsVersion="4.0" xmlns="http://schemas.microsoft.com/developer/msbuild/2003">
  <ItemGroup>
    <Filter Include="build">
      <UniqueIdentifier>{6882748a-9755-4a25-9e63-f0deff430179}</UniqueIdentifier>
    </Filter>
    <Filter Include="util">
      <UniqueIdentifier>{bd41aad7-f8ab-4fc7-9dd3-9fad9b8d2646}</UniqueIdentifier>
    </Filter>
    <Filter Include="deciders">
      <UniqueIdentifier>{497f496f-7f09-4a0c-ac6d-abd59dcbcb1f}</UniqueIdentifier>
    </Filter>
    <Filter Include="data_providers">
      <UniqueIdentifier>{7676f56c-994e-4496-ae7f-721d102978a8}</UniqueIdentifier>
    </Filter>
    <Filter Include="execution_strategies">
      <UniqueIdentifier>{c5266d30-7712-40d2-8860-a39a55d2353a}</UniqueIdentifier>
    </Filter>
    <Filter Include="features">
      <UniqueIdentifier>{5abfa84c-f703-4bb5-ac36-c37a45b3f407}</UniqueIdentifier>
    </Filter>
    <Filter Include="gains">
      <UniqueIdentifier>{aec5d880-3370-4359-a807-87c89af49a8c}</UniqueIdentifier>
    </Filter>
    <Filter Include="impurities">
      <UniqueIdentifier>{3424c28a-b40b-47a7-a334-23934d5d6d0d}</UniqueIdentifier>
    </Filter>
    <Filter Include="leafs">
      <UniqueIdentifier>{8901f388-3641-4d0a-9c18-45ff4f077652}</UniqueIdentifier>
    </Filter>
    <Filter Include="regression">
      <UniqueIdentifier>{dfd16260-84c7-4eae-9288-2c239dee4a61}</UniqueIdentifier>
    </Filter>
    <Filter Include="serialization">
      <UniqueIdentifier>{4555b0bd-6475-4a8a-93e0-27eb4e26d392}</UniqueIdentifier>
    </Filter>
    <Filter Include="serialization\serialization_extensions">
      <UniqueIdentifier>{9d5b5c95-6b00-42ef-9642-0d760b66ac14}</UniqueIdentifier>
    </Filter>
    <Filter Include="bagging">
      <UniqueIdentifier>{58a0a03c-f851-45e6-b7d2-b32127ec9af0}</UniqueIdentifier>
    </Filter>
    <Filter Include="threshold_optimizers">
      <UniqueIdentifier>{31c1745a-fd69-4613-9197-f1d4366b932b}</UniqueIdentifier>
    </Filter>
    <Filter Include="trainings">
      <UniqueIdentifier>{e9b82f4f-3f48-4e0a-8101-387cb5accd57}</UniqueIdentifier>
    </Filter>
    <Filter Include="feature_extraction">
      <UniqueIdentifier>{bdcb1675-6c10-4498-9bb9-be7fe22b69fb}</UniqueIdentifier>
    </Filter>
    <Filter Include="feature_extraction\hog">
      <UniqueIdentifier>{4e9013bc-22c2-4319-b294-84bead87d162}</UniqueIdentifier>
    </Filter>
    <Filter Include="ndarray">
      <UniqueIdentifier>{8b0e8a09-d6ad-41c2-8fac-beb7dac4abcc}</UniqueIdentifier>
    </Filter>
    <Filter Include="ndarray\detail">
      <UniqueIdentifier>{9339ab2c-b1a9-4a46-a313-f68842b6bfcb}</UniqueIdentifier>
    </Filter>
    <Filter Include="ndarray\bp">
      <UniqueIdentifier>{8ba0d7b0-1cb4-4549-8a12-9d8f406a1448}</UniqueIdentifier>
    </Filter>
    <Filter Include="ndarray\bp\auto">
      <UniqueIdentifier>{09414398-f4c9-40d6-8771-38bff5fd75b7}</UniqueIdentifier>
    </Filter>
  </ItemGroup>
  <ItemGroup>
    <ClInclude Include="util\checks.h">
      <Filter>util</Filter>
    </ClInclude>
    <ClInclude Include="deciders\idecider.h">
      <Filter>deciders</Filter>
    </ClInclude>
    <ClInclude Include="data_providers\idataprovider.h">
      <Filter>data_providers</Filter>
    </ClInclude>
    <ClInclude Include="data_providers\iforestdataprovider.h">
      <Filter>data_providers</Filter>
    </ClInclude>
    <ClInclude Include="data_providers\isamplemanager.h">
      <Filter>data_providers</Filter>
    </ClInclude>
    <ClInclude Include="data_providers\nocopypatchsamplemanager.h">
      <Filter>data_providers</Filter>
    </ClInclude>
    <ClInclude Include="data_providers\patchsamplemanager.h">
      <Filter>data_providers</Filter>
    </ClInclude>
    <ClInclude Include="data_providers\patchtoimagecoordinatetransformer.h">
      <Filter>data_providers</Filter>
    </ClInclude>
    <ClInclude Include="data_providers\sample.h">
      <Filter>data_providers</Filter>
    </ClInclude>
    <ClInclude Include="data_providers\subsamplingdataprovider.h">
      <Filter>data_providers</Filter>
    </ClInclude>
    <ClInclude Include="data_providers\unchangeddataprovider.h">
      <Filter>data_providers</Filter>
    </ClInclude>
    <ClInclude Include="data_providers\unchangedfdataprovider.h">
      <Filter>data_providers</Filter>
    </ClInclude>
    <ClInclude Include="util\mat.h">
      <Filter>util</Filter>
    </ClInclude>
    <ClInclude Include="util\sampling.h">
      <Filter>util</Filter>
    </ClInclude>
    <ClInclude Include="execution_strategies\iexecutionstrategy.h">
      <Filter>execution_strategies</Filter>
    </ClInclude>
    <ClInclude Include="execution_strategies\localexecutionstrategy.h">
      <Filter>execution_strategies</Filter>
    </ClInclude>
    <ClInclude Include="execution_strategies\trainingaction.h">
      <Filter>execution_strategies</Filter>
    </ClInclude>
    <ClInclude Include="features\alignedsurfacecalculator.h">
      <Filter>features</Filter>
    </ClInclude>
    <ClInclude Include="features\differencesurfacecalculator.h">
      <Filter>features</Filter>
    </ClInclude>
    <ClInclude Include="features\ifeatureselectiongenerator.h">
      <Filter>features</Filter>
    </ClInclude>
    <ClInclude Include="features\ifeatureselectionprovider.h">
      <Filter>features</Filter>
    </ClInclude>
    <ClInclude Include="features\isurfacecalculator.h">
      <Filter>features</Filter>
    </ClInclude>
    <ClInclude Include="features\linearsurfacecalculator.h">
      <Filter>features</Filter>
    </ClInclude>
    <ClInclude Include="features\quadraticsurfacecalculator.h">
      <Filter>features</Filter>
    </ClInclude>
    <ClInclude Include="features\standardfeatureselectiongenerator.h">
      <Filter>features</Filter>
    </ClInclude>
    <ClInclude Include="features\standardfeatureselectionprovider.h">
      <Filter>features</Filter>
    </ClInclude>
    <ClInclude Include="features\volumefeatureselectiongenerator.h">
      <Filter>features</Filter>
    </ClInclude>
    <ClInclude Include="features\volumefeatureselectionprovider.h">
      <Filter>features</Filter>
    </ClInclude>
    <ClInclude Include="features\directpatchdifferencesurfcalculator.h">
      <Filter>features</Filter>
    </ClInclude>
    <ClInclude Include="gains\entropygain.h">
      <Filter>gains</Filter>
    </ClInclude>
    <ClInclude Include="gains\igaincalculator.h">
      <Filter>gains</Filter>
    </ClInclude>
    <ClInclude Include="util\exponentials.h">
      <Filter>util</Filter>
    </ClInclude>
    <ClInclude Include="impurities\classificationerror.h">
      <Filter>impurities</Filter>
    </ClInclude>
    <ClInclude Include="impurities\ientropyfunction.h">
      <Filter>impurities</Filter>
    </ClInclude>
    <ClInclude Include="impurities\inducedentropy.h">
      <Filter>impurities</Filter>
    </ClInclude>
    <ClInclude Include="impurities\renyientropy.h">
      <Filter>impurities</Filter>
    </ClInclude>
    <ClInclude Include="impurities\shannonentropy.h">
      <Filter>impurities</Filter>
    </ClInclude>
    <ClInclude Include="impurities\tsallisentropy.h">
      <Filter>impurities</Filter>
    </ClInclude>
    <ClInclude Include="leafs\classificationleafmanager.h">
      <Filter>leafs</Filter>
    </ClInclude>
    <ClInclude Include="leafs\ileafmanager.h">
      <Filter>leafs</Filter>
    </ClInclude>
    <ClInclude Include="leafs\regressionleafmanager.h">
      <Filter>leafs</Filter>
    </ClInclude>
    <ClInclude Include="leafs\houghleafmanager.h">
      <Filter>leafs</Filter>
    </ClInclude>
    <ClInclude Include="regression\constantregressioncalculator.h">
      <Filter>regression</Filter>
    </ClInclude>
    <ClInclude Include="regression\iregressioncalculator.h">
      <Filter>regression</Filter>
    </ClInclude>
    <ClInclude Include="regression\linearregressioncalculator.h">
      <Filter>regression</Filter>
    </ClInclude>
    <ClInclude Include="serialization\serialization.h">
      <Filter>serialization</Filter>
    </ClInclude>
    <ClInclude Include="serialization\serialization_extensions\eigen_serialization.h">
      <Filter>serialization\serialization_extensions</Filter>
    </ClInclude>
    <ClInclude Include="serialization\serialization_extensions\mersenne_twister_engine.h">
      <Filter>serialization\serialization_extensions</Filter>
    </ClInclude>
    <ClInclude Include="serialization\serialization_extensions\shared_ptr.h">
      <Filter>serialization\serialization_extensions</Filter>
    </ClInclude>
    <ClInclude Include="serialization\serialization_extensions\shuffle_order_engine.h">
      <Filter>serialization\serialization_extensions</Filter>
    </ClInclude>
    <ClInclude Include="serialization\serialization_extensions\tuple.h">
      <Filter>serialization\serialization_extensions</Filter>
    </ClInclude>
    <ClInclude Include="serialization\serialization_extensions\unique_ptr.h">
      <Filter>serialization\serialization_extensions</Filter>
    </ClInclude>
    <ClInclude Include="serialization\serialization_extensions\unordered_collections_load_imp.hpp">
      <Filter>serialization\serialization_extensions</Filter>
    </ClInclude>
    <ClInclude Include="serialization\serialization_extensions\unordered_collections_save_imp.hpp">
      <Filter>serialization\serialization_extensions</Filter>
    </ClInclude>
    <ClInclude Include="serialization\serialization_extensions\unordered_map.hpp">
      <Filter>serialization\serialization_extensions</Filter>
    </ClInclude>
    <ClInclude Include="serialization\serialization_extensions\unordered_set.hpp">
      <Filter>serialization\serialization_extensions</Filter>
    </ClInclude>
    <ClInclude Include="bagging\equaldistbagging.h">
      <Filter>bagging</Filter>
    </ClInclude>
    <ClInclude Include="bagging\ibaggingstrategy.h">
      <Filter>bagging</Filter>
    </ClInclude>
    <ClInclude Include="bagging\nobagging.h">
      <Filter>bagging</Filter>
    </ClInclude>
    <ClInclude Include="threshold_optimizers\alternatingthresholdoptimizer.h">
      <Filter>threshold_optimizers</Filter>
    </ClInclude>
    <ClInclude Include="threshold_optimizers\classificationthresholdoptimizer.h">
      <Filter>threshold_optimizers</Filter>
    </ClInclude>
    <ClInclude Include="threshold_optimizers\ithresholdoptimizer.h">
      <Filter>threshold_optimizers</Filter>
    </ClInclude>
    <ClInclude Include="threshold_optimizers\randomizedclassificationthresholdoptimizer.h">
      <Filter>threshold_optimizers</Filter>
    </ClInclude>
    <ClInclude Include="threshold_optimizers\regressionthresholdoptimizer.h">
      <Filter>threshold_optimizers</Filter>
    </ClInclude>
    <ClInclude Include="threshold_optimizers\twosideclassificationthresholdoptimizer.h">
      <Filter>threshold_optimizers</Filter>
    </ClInclude>
    <ClInclude Include="threshold_optimizers\varianceclassificationthresholdoptimizer.h">
      <Filter>threshold_optimizers</Filter>
    </ClInclude>
    <ClInclude Include="util\argsort.h">
      <Filter>util</Filter>
    </ClInclude>
    <ClInclude Include="threshold_optimizers\feature_value_selection.h">
      <Filter>threshold_optimizers</Filter>
    </ClInclude>
    <ClInclude Include="trainings\classictraining.h">
      <Filter>trainings</Filter>
    </ClInclude>
    <ClInclude Include="trainings\itraining.h">
      <Filter>trainings</Filter>
    </ClInclude>
    <ClInclude Include="deciders\thresholddecider.h">
      <Filter>deciders</Filter>
    </ClInclude>
    <ClInclude Include="forest.h" />
    <ClInclude Include="global.h" />
    <ClInclude Include="standard_forests.h" />
    <ClInclude Include="standard_trees.h" />
    <ClInclude Include="tree.h" />
    <ClInclude Include="types.h" />
    <ClInclude Include="feature_extraction\feature_extraction.h">
      <Filter>feature_extraction</Filter>
    </ClInclude>
    <ClInclude Include="feature_extraction\hog_extractor.h">
      <Filter>feature_extraction</Filter>
    </ClInclude>
    <ClInclude Include="feature_extraction\hog\hog.h">
      <Filter>feature_extraction\hog</Filter>
    </ClInclude>
    <ClInclude Include="feature_extraction\feature_extraction_vision.h">
      <Filter>feature_extraction</Filter>
    </ClInclude>
    <ClInclude Include="ndarray.h" />
    <ClInclude Include="ndarray_fwd.h" />
    <ClInclude Include="ndarray\arange.h">
      <Filter>ndarray</Filter>
    </ClInclude>
    <ClInclude Include="ndarray\Array.h">
      <Filter>ndarray</Filter>
    </ClInclude>
    <ClInclude Include="ndarray\ArrayBase.h">
      <Filter>ndarray</Filter>
    </ClInclude>
    <ClInclude Include="ndarray\ArrayTraits.h">
      <Filter>ndarray</Filter>
    </ClInclude>
    <ClInclude Include="ndarray\bp.h">
      <Filter>ndarray</Filter>
    </ClInclude>
    <ClInclude Include="ndarray\bp_fwd.h">
      <Filter>ndarray</Filter>
    </ClInclude>
    <ClInclude Include="ndarray\casts.h">
      <Filter>ndarray</Filter>
    </ClInclude>
    <ClInclude Include="ndarray\eigen.h">
      <Filter>ndarray</Filter>
    </ClInclude>
    <ClInclude Include="ndarray\eigen_fwd.h">
      <Filter>ndarray</Filter>
    </ClInclude>
    <ClInclude Include="ndarray\ExpressionBase.h">
      <Filter>ndarray</Filter>
    </ClInclude>
    <ClInclude Include="ndarray\ExpressionTraits.h">
      <Filter>ndarray</Filter>
    </ClInclude>
    <ClInclude Include="ndarray\fft.h">
      <Filter>ndarray</Filter>
    </ClInclude>
    <ClInclude Include="ndarray\fft_fwd.h">
      <Filter>ndarray</Filter>
    </ClInclude>
    <ClInclude Include="ndarray\formatting.h">
      <Filter>ndarray</Filter>
    </ClInclude>
    <ClInclude Include="ndarray\initialization.h">
      <Filter>ndarray</Filter>
    </ClInclude>
    <ClInclude Include="ndarray\Manager.h">
      <Filter>ndarray</Filter>
    </ClInclude>
    <ClInclude Include="ndarray\swig.h">
      <Filter>ndarray</Filter>
    </ClInclude>
    <ClInclude Include="ndarray\types.h">
      <Filter>ndarray</Filter>
    </ClInclude>
    <ClInclude Include="ndarray\vectorize.h">
      <Filter>ndarray</Filter>
    </ClInclude>
    <ClInclude Include="ndarray\views.h">
      <Filter>ndarray</Filter>
    </ClInclude>
    <ClInclude Include="ndarray\ArrayBaseN.h">
      <Filter>ndarray</Filter>
    </ClInclude>
    <ClInclude Include="ndarray\ArrayRef.h">
      <Filter>ndarray</Filter>
    </ClInclude>
    <ClInclude Include="ndarray\operators.h">
      <Filter>ndarray</Filter>
    </ClInclude>
    <ClInclude Include="ndarray\Vector.h">
      <Filter>ndarray</Filter>
    </ClInclude>
    <ClInclude Include="util\gil.hpp">
      <Filter>util</Filter>
    </ClInclude>
    <ClInclude Include="ndarray\detail\ArrayAccess.h">
      <Filter>ndarray\detail</Filter>
    </ClInclude>
    <ClInclude Include="ndarray\detail\BinaryOp.h">
      <Filter>ndarray\detail</Filter>
    </ClInclude>
    <ClInclude Include="ndarray\detail\Core.h">
      <Filter>ndarray\detail</Filter>
    </ClInclude>
    <ClInclude Include="ndarray\detail\NestedIterator.h">
      <Filter>ndarray\detail</Filter>
    </ClInclude>
    <ClInclude Include="ndarray\detail\StridedIterator.h">
      <Filter>ndarray\detail</Filter>
    </ClInclude>
    <ClInclude Include="ndarray\detail\UnaryOp.h">
      <Filter>ndarray\detail</Filter>
    </ClInclude>
    <ClInclude Include="ndarray\detail\ViewBuilder.h">
      <Filter>ndarray\detail</Filter>
    </ClInclude>
    <ClInclude Include="ndarray\bp\Array.h">
      <Filter>ndarray\bp</Filter>
    </ClInclude>
    <ClInclude Include="ndarray\bp\ArrayRef.h">
      <Filter>ndarray\bp</Filter>
    </ClInclude>
    <ClInclude Include="ndarray\bp\auto.h">
      <Filter>ndarray\bp</Filter>
    </ClInclude>
    <ClInclude Include="ndarray\bp\eigen.h">
      <Filter>ndarray\bp</Filter>
    </ClInclude>
    <ClInclude Include="ndarray\bp\Vector.h">
      <Filter>ndarray\bp</Filter>
    </ClInclude>
    <ClInclude Include="ndarray\bp\auto\Array.h">
      <Filter>ndarray\bp\auto</Filter>
    </ClInclude>
    <ClInclude Include="ndarray\bp\auto\ArrayRef.h">
      <Filter>ndarray\bp\auto</Filter>
    </ClInclude>
    <ClInclude Include="ndarray\bp\auto\Vector.h">
      <Filter>ndarray\bp\auto</Filter>
    </ClInclude>
    <ClInclude Include="fertilized_fwd.h" />
    <ClInclude Include="fertilized.h" />
    <ClInclude Include="soil.h" />
    <ClInclude Include="serialization\_serialization_definition.h">
      <Filter>serialization</Filter>
    </ClInclude>
    <ClInclude Include="features\featcalcparamset.h">
      <Filter>features</Filter>
    </ClInclude>
    <ClInclude Include="default_values.h" />
    <ClInclude Include="objecttemplate.h" />
    <ClInclude Include="feature_extraction\dnnfeatureextractor.h">
      <Filter>feature_extraction</Filter>
    </ClInclude>
  </ItemGroup>
  <ItemGroup>
    <None Include="build.bat">
      <Filter>build</Filter>
    </None>
    <None Include="SConscript.py">
      <Filter>build</Filter>
    </None>
    <None Include="ndarray\ArrayBaseN.h.m4">
      <Filter>ndarray</Filter>
    </None>
    <None Include="ndarray\ArrayRef.h.m4">
      <Filter>ndarray</Filter>
    </None>
    <None Include="ndarray\operators.h.m4">
      <Filter>ndarray</Filter>
    </None>
    <None Include="ndarray\Vector.h.m4">
      <Filter>ndarray</Filter>
    </None>
    <None Include="ndarray\bp\eigen">
      <Filter>ndarray\bp</Filter>
    </None>
    <None Include="ndarray\bp\auto\Array.h.m4">
      <Filter>ndarray\bp\auto</Filter>
    </None>
    <None Include="ndarray\bp\auto\ArrayRef.h.m4">
      <Filter>ndarray\bp\auto</Filter>
    </None>
    <None Include="ndarray\bp\auto\Vector.h.m4">
      <Filter>ndarray\bp\auto</Filter>
    </None>
  </ItemGroup>
  <ItemGroup>
    <ClCompile Include="feature_extraction\feature_extraction.cpp">
      <Filter>feature_extraction</Filter>
    </ClCompile>
    <ClCompile Include="feature_extraction\hog_extractor.cpp">
      <Filter>feature_extraction</Filter>
    </ClCompile>
    <ClCompile Include="feature_extraction\hog\hog.cpp">
      <Filter>feature_extraction\hog</Filter>
    </ClCompile>
    <ClCompile Include="util\gil.cpp">
      <Filter>util</Filter>
    </ClCompile>
    <ClCompile Include="serialization\serialization.cpp">
      <Filter>serialization</Filter>
    </ClCompile>
    <ClCompile Include="serialization\__serialize_0.cpp">
      <Filter>serialization</Filter>
    </ClCompile>
    <ClCompile Include="serialization\__serialize_1.cpp">
      <Filter>serialization</Filter>
    </ClCompile>
    <ClCompile Include="serialization\__serialize_2.cpp">
      <Filter>serialization</Filter>
    </ClCompile>
    <ClCompile Include="serialization\__serialize_3.cpp">
      <Filter>serialization</Filter>
    </ClCompile>
    <ClCompile Include="serialization\__serialize_4.cpp">
      <Filter>serialization</Filter>
    </ClCompile>
    <ClCompile Include="serialization\__serialize_5.cpp">
      <Filter>serialization</Filter>
    </ClCompile>
    <ClCompile Include="serialization\__serialize_6.cpp">
      <Filter>serialization</Filter>
    </ClCompile>
    <ClCompile Include="serialization\__serialize_7.cpp">
      <Filter>serialization</Filter>
    </ClCompile>
    <ClCompile Include="serialization\__serialize_8.cpp">
      <Filter>serialization</Filter>
    </ClCompile>
    <ClCompile Include="serialization\__serialize_9.cpp">
      <Filter>serialization</Filter>
    </ClCompile>
    <ClCompile Include="serialization\__serialize_10.cpp">
      <Filter>serialization</Filter>
    </ClCompile>
    <ClCompile Include="serialization\__serialize_11.cpp">
      <Filter>serialization</Filter>
    </ClCompile>
    <ClCompile Include="serialization\__serialize_12.cpp">
      <Filter>serialization</Filter>
    </ClCompile>
    <ClCompile Include="serialization\__serialize_13.cpp">
      <Filter>serialization</Filter>
    </ClCompile>
    <ClCompile Include="serialization\__serialize_14.cpp">
      <Filter>serialization</Filter>
    </ClCompile>
    <ClCompile Include="serialization\__serialize_15.cpp">
      <Filter>serialization</Filter>
    </ClCompile>
    <ClCompile Include="serialization\__serialize_16.cpp">
      <Filter>serialization</Filter>
    </ClCompile>
    <ClCompile Include="serialization\__serialize_17.cpp">
      <Filter>serialization</Filter>
    </ClCompile>
    <ClCompile Include="serialization\__serialize_18.cpp">
      <Filter>serialization</Filter>
    </ClCompile>
    <ClCompile Include="serialization\__serialize_19.cpp">
      <Filter>serialization</Filter>
    </ClCompile>
    <ClCompile Include="serialization\__serialize_20.cpp">
      <Filter>serialization</Filter>
    </ClCompile>
    <ClCompile Include="serialization\__serialize_21.cpp">
      <Filter>serialization</Filter>
    </ClCompile>
    <ClCompile Include="serialization\__serialize_22.cpp">
      <Filter>serialization</Filter>
    </ClCompile>
    <ClCompile Include="serialization\__serialize_23.cpp">
      <Filter>serialization</Filter>
    </ClCompile>
    <ClCompile Include="serialization\__serialize_24.cpp">
      <Filter>serialization</Filter>
    </ClCompile>
    <ClCompile Include="serialization\__serialize_25.cpp">
      <Filter>serialization</Filter>
    </ClCompile>
    <ClCompile Include="serialization\__serialize_26.cpp">
      <Filter>serialization</Filter>
    </ClCompile>
    <ClCompile Include="serialization\__serialize_27.cpp">
      <Filter>serialization</Filter>
    </ClCompile>
    <ClCompile Include="serialization\__serialize_28.cpp">
      <Filter>serialization</Filter>
    </ClCompile>
    <ClCompile Include="serialization\__serialize_29.cpp">
      <Filter>serialization</Filter>
    </ClCompile>
    <ClCompile Include="serialization\__serialize_30.cpp">
      <Filter>serialization</Filter>
    </ClCompile>
    <ClCompile Include="serialization\__serialize_31.cpp">
      <Filter>serialization</Filter>
    </ClCompile>
    <ClCompile Include="serialization\__serialize_32.cpp">
      <Filter>serialization</Filter>
    </ClCompile>
    <ClCompile Include="serialization\__serialize_33.cpp">
      <Filter>serialization</Filter>
    </ClCompile>
    <ClCompile Include="serialization\__serialize_34.cpp">
      <Filter>serialization</Filter>
    </ClCompile>
    <ClCompile Include="serialization\__serialize_35.cpp">
      <Filter>serialization</Filter>
    </ClCompile>
    <ClCompile Include="serialization\__serialize_36.cpp">
      <Filter>serialization</Filter>
    </ClCompile>
    <ClCompile Include="serialization\__serialize_37.cpp">
      <Filter>serialization</Filter>
    </ClCompile>
    <ClCompile Include="serialization\__serialize_38.cpp">
      <Filter>serialization</Filter>
    </ClCompile>
    <ClCompile Include="serialization\__serialize_39.cpp">
      <Filter>serialization</Filter>
    </ClCompile>
    <ClCompile Include="serialization\__serialize_40.cpp">
      <Filter>serialization</Filter>
    </ClCompile>
    <ClCompile Include="serialization\__serialize_41.cpp">
      <Filter>serialization</Filter>
    </ClCompile>
    <ClCompile Include="serialization\__serialize_42.cpp">
      <Filter>serialization</Filter>
    </ClCompile>
    <ClCompile Include="serialization\__serialize_43.cpp">
      <Filter>serialization</Filter>
    </ClCompile>
    <ClCompile Include="serialization\__serialize_44.cpp">
      <Filter>serialization</Filter>
    </ClCompile>
    <ClCompile Include="serialization\__serialize_45.cpp">
      <Filter>serialization</Filter>
    </ClCompile>
    <ClCompile Include="serialization\__serialize_46.cpp">
      <Filter>serialization</Filter>
    </ClCompile>
    <ClCompile Include="serialization\__serialize_47.cpp">
      <Filter>serialization</Filter>
    </ClCompile>
    <ClCompile Include="serialization\__serialize_48.cpp">
      <Filter>serialization</Filter>
    </ClCompile>
    <ClCompile Include="serialization\__serialize_49.cpp">
      <Filter>serialization</Filter>
    </ClCompile>
    <ClCompile Include="serialization\__serialize_50.cpp">
      <Filter>serialization</Filter>
    </ClCompile>
    <ClCompile Include="serialization\__serialize_51.cpp">
      <Filter>serialization</Filter>
    </ClCompile>
    <ClCompile Include="serialization\__serialize_52.cpp">
      <Filter>serialization</Filter>
    </ClCompile>
    <ClCompile Include="serialization\__serialize_53.cpp">
      <Filter>serialization</Filter>
    </ClCompile>
    <ClCompile Include="serialization\__serialize_54.cpp">
      <Filter>serialization</Filter>
    </ClCompile>
    <ClCompile Include="serialization\__serialize_55.cpp">
      <Filter>serialization</Filter>
    </ClCompile>
    <ClCompile Include="serialization\__serialize_56.cpp">
      <Filter>serialization</Filter>
    </ClCompile>
    <ClCompile Include="serialization\__serialize_57.cpp">
      <Filter>serialization</Filter>
    </ClCompile>
    <ClCompile Include="serialization\__serialize_58.cpp">
      <Filter>serialization</Filter>
    </ClCompile>
    <ClCompile Include="serialization\__serialize_59.cpp">
      <Filter>serialization</Filter>
    </ClCompile>
    <ClCompile Include="serialization\__serialize_60.cpp">
      <Filter>serialization</Filter>
    </ClCompile>
    <ClCompile Include="serialization\__serialize_61.cpp">
      <Filter>serialization</Filter>
    </ClCompile>
    <ClCompile Include="serialization\__serialize_62.cpp">
      <Filter>serialization</Filter>
    </ClCompile>
    <ClCompile Include="serialization\__serialize_63.cpp">
      <Filter>serialization</Filter>
    </ClCompile>
    <ClCompile Include="serialization\__serialize_64.cpp">
      <Filter>serialization</Filter>
    </ClCompile>
    <ClCompile Include="serialization\__serialize_65.cpp">
      <Filter>serialization</Filter>
    </ClCompile>
    <ClCompile Include="serialization\__serialize_66.cpp">
      <Filter>serialization</Filter>
    </ClCompile>
    <ClCompile Include="serialization\__serialize_67.cpp">
      <Filter>serialization</Filter>
    </ClCompile>
    <ClCompile Include="serialization\__serialize_68.cpp">
      <Filter>serialization</Filter>
    </ClCompile>
    <ClCompile Include="serialization\__serialize_69.cpp">
      <Filter>serialization</Filter>
    </ClCompile>
    <ClCompile Include="serialization\__serialize_70.cpp">
      <Filter>serialization</Filter>
    </ClCompile>
    <ClCompile Include="serialization\__serialize_71.cpp">
      <Filter>serialization</Filter>
    </ClCompile>
    <ClCompile Include="serialization\__serialize_72.cpp">
      <Filter>serialization</Filter>
    </ClCompile>
    <ClCompile Include="serialization\__serialize_73.cpp">
      <Filter>serialization</Filter>
    </ClCompile>
    <ClCompile Include="serialization\__serialize_74.cpp">
      <Filter>serialization</Filter>
    </ClCompile>
    <ClCompile Include="serialization\__serialize_75.cpp">
      <Filter>serialization</Filter>
    </ClCompile>
    <ClCompile Include="serialization\__serialize_76.cpp">
      <Filter>serialization</Filter>
    </ClCompile>
    <ClCompile Include="serialization\__serialize_77.cpp">
      <Filter>serialization</Filter>
    </ClCompile>
    <ClCompile Include="serialization\__serialize_78.cpp">
      <Filter>serialization</Filter>
    </ClCompile>
    <ClCompile Include="serialization\__serialize_79.cpp">
      <Filter>serialization</Filter>
    </ClCompile>
    <ClCompile Include="serialization\__serialize_80.cpp">
      <Filter>serialization</Filter>
    </ClCompile>
    <ClCompile Include="serialization\__serialize_81.cpp">
      <Filter>serialization</Filter>
    </ClCompile>
    <ClCompile Include="serialization\__serialize_82.cpp">
      <Filter>serialization</Filter>
    </ClCompile>
    <ClCompile Include="serialization\__serialize_83.cpp">
      <Filter>serialization</Filter>
    </ClCompile>
    <ClCompile Include="serialization\__serialize_84.cpp">
      <Filter>serialization</Filter>
    </ClCompile>
    <ClCompile Include="serialization\__serialize_85.cpp">
      <Filter>serialization</Filter>
    </ClCompile>
    <ClCompile Include="serialization\__serialize_86.cpp">
      <Filter>serialization</Filter>
    </ClCompile>
    <ClCompile Include="serialization\__serialize_87.cpp">
      <Filter>serialization</Filter>
    </ClCompile>
    <ClCompile Include="serialization\__serialize_88.cpp">
      <Filter>serialization</Filter>
    </ClCompile>
    <ClCompile Include="serialization\__serialize_89.cpp">
      <Filter>serialization</Filter>
    </ClCompile>
    <ClCompile Include="serialization\__serialize_90.cpp">
      <Filter>serialization</Filter>
    </ClCompile>
    <ClCompile Include="serialization\__serialize_91.cpp">
      <Filter>serialization</Filter>
    </ClCompile>
    <ClCompile Include="serialization\__serialize_92.cpp">
      <Filter>serialization</Filter>
    </ClCompile>
    <ClCompile Include="serialization\__serialize_93.cpp">
      <Filter>serialization</Filter>
    </ClCompile>
    <ClCompile Include="serialization\__serialize_94.cpp">
      <Filter>serialization</Filter>
    </ClCompile>
    <ClCompile Include="serialization\__serialize_95.cpp">
      <Filter>serialization</Filter>
    </ClCompile>
    <ClCompile Include="serialization\__serialize_96.cpp">
      <Filter>serialization</Filter>
    </ClCompile>
    <ClCompile Include="serialization\__serialize_97.cpp">
      <Filter>serialization</Filter>
    </ClCompile>
    <ClCompile Include="serialization\__serialize_98.cpp">
      <Filter>serialization</Filter>
    </ClCompile>
    <ClCompile Include="serialization\__serialize_99.cpp">
      <Filter>serialization</Filter>
    </ClCompile>
    <ClCompile Include="serialization\__serialize_100.cpp">
      <Filter>serialization</Filter>
    </ClCompile>
    <ClCompile Include="serialization\__serialize_101.cpp">
      <Filter>serialization</Filter>
    </ClCompile>
    <ClCompile Include="serialization\__serialize_102.cpp">
      <Filter>serialization</Filter>
    </ClCompile>
    <ClCompile Include="serialization\__serialize_103.cpp">
      <Filter>serialization</Filter>
    </ClCompile>
    <ClCompile Include="serialization\__serialize_104.cpp">
      <Filter>serialization</Filter>
    </ClCompile>
    <ClCompile Include="serialization\__serialize_105.cpp">
      <Filter>serialization</Filter>
    </ClCompile>
    <ClCompile Include="serialization\__serialize_106.cpp">
      <Filter>serialization</Filter>
    </ClCompile>
    <ClCompile Include="serialization\__serialize_107.cpp">
      <Filter>serialization</Filter>
    </ClCompile>
    <ClCompile Include="serialization\__serialize_108.cpp">
      <Filter>serialization</Filter>
    </ClCompile>
    <ClCompile Include="serialization\__serialize_109.cpp">
      <Filter>serialization</Filter>
    </ClCompile>
    <ClCompile Include="serialization\__serialize_110.cpp">
      <Filter>serialization</Filter>
    </ClCompile>
    <ClCompile Include="serialization\__serialize_111.cpp">
      <Filter>serialization</Filter>
    </ClCompile>
    <ClCompile Include="serialization\__serialize_112.cpp">
      <Filter>serialization</Filter>
    </ClCompile>
    <ClCompile Include="serialization\__serialize_113.cpp">
      <Filter>serialization</Filter>
    </ClCompile>
    <ClCompile Include="serialization\__serialize_114.cpp">
      <Filter>serialization</Filter>
    </ClCompile>
    <ClCompile Include="serialization\__serialize_115.cpp">
      <Filter>serialization</Filter>
    </ClCompile>
    <ClCompile Include="serialization\__serialize_116.cpp">
      <Filter>serialization</Filter>
    </ClCompile>
    <ClCompile Include="serialization\__serialize_117.cpp">
      <Filter>serialization</Filter>
    </ClCompile>
    <ClCompile Include="serialization\__serialize_118.cpp">
      <Filter>serialization</Filter>
    </ClCompile>
    <ClCompile Include="serialization\__serialize_119.cpp">
      <Filter>serialization</Filter>
    </ClCompile>
    <ClCompile Include="serialization\__serialize_120.cpp">
      <Filter>serialization</Filter>
    </ClCompile>
    <ClCompile Include="serialization\__serialize_121.cpp">
      <Filter>serialization</Filter>
    </ClCompile>
    <ClCompile Include="serialization\__serialize_122.cpp">
      <Filter>serialization</Filter>
    </ClCompile>
    <ClCompile Include="serialization\__serialize_123.cpp">
      <Filter>serialization</Filter>
    </ClCompile>
    <ClCompile Include="serialization\__serialize_124.cpp">
      <Filter>serialization</Filter>
    </ClCompile>
    <ClCompile Include="serialization\__serialize_125.cpp">
      <Filter>serialization</Filter>
    </ClCompile>
    <ClCompile Include="serialization\__serialize_126.cpp">
      <Filter>serialization</Filter>
    </ClCompile>
    <ClCompile Include="serialization\__serialize_127.cpp">
      <Filter>serialization</Filter>
    </ClCompile>
    <ClCompile Include="serialization\__serialize_128.cpp">
      <Filter>serialization</Filter>
    </ClCompile>
    <ClCompile Include="serialization\__serialize_129.cpp">
      <Filter>serialization</Filter>
    </ClCompile>
    <ClCompile Include="serialization\__serialize_130.cpp">
      <Filter>serialization</Filter>
    </ClCompile>
    <ClCompile Include="serialization\__serialize_131.cpp">
      <Filter>serialization</Filter>
    </ClCompile>
    <ClCompile Include="serialization\__serialize_132.cpp">
      <Filter>serialization</Filter>
    </ClCompile>
    <ClCompile Include="serialization\__serialize_133.cpp">
      <Filter>serialization</Filter>
    </ClCompile>
    <ClCompile Include="serialization\__serialize_134.cpp">
      <Filter>serialization</Filter>
    </ClCompile>
    <ClCompile Include="serialization\__serialize_135.cpp">
      <Filter>serialization</Filter>
    </ClCompile>
    <ClCompile Include="serialization\__serialize_136.cpp">
      <Filter>serialization</Filter>
    </ClCompile>
    <ClCompile Include="serialization\__serialize_137.cpp">
      <Filter>serialization</Filter>
    </ClCompile>
    <ClCompile Include="serialization\__serialize_138.cpp">
      <Filter>serialization</Filter>
    </ClCompile>
    <ClCompile Include="serialization\__serialize_139.cpp">
      <Filter>serialization</Filter>
    </ClCompile>
    <ClCompile Include="serialization\__serialize_140.cpp">
      <Filter>serialization</Filter>
    </ClCompile>
    <ClCompile Include="serialization\__serialize_141.cpp">
      <Filter>serialization</Filter>
    </ClCompile>
    <ClCompile Include="serialization\__serialize_142.cpp">
      <Filter>serialization</Filter>
    </ClCompile>
    <ClCompile Include="serialization\__serialize_143.cpp">
      <Filter>serialization</Filter>
    </ClCompile>
    <ClCompile Include="serialization\__serialize_144.cpp">
      <Filter>serialization</Filter>
    </ClCompile>
    <ClCompile Include="serialization\__serialize_145.cpp">
      <Filter>serialization</Filter>
    </ClCompile>
    <ClCompile Include="serialization\__serialize_146.cpp">
      <Filter>serialization</Filter>
    </ClCompile>
    <ClCompile Include="serialization\__serialize_147.cpp">
      <Filter>serialization</Filter>
    </ClCompile>
    <ClCompile Include="serialization\__serialize_148.cpp">
      <Filter>serialization</Filter>
    </ClCompile>
    <ClCompile Include="serialization\__serialize_149.cpp">
      <Filter>serialization</Filter>
    </ClCompile>
    <ClCompile Include="serialization\__serialize_150.cpp">
      <Filter>serialization</Filter>
    </ClCompile>
    <ClCompile Include="serialization\__serialize_151.cpp">
      <Filter>serialization</Filter>
    </ClCompile>
    <ClCompile Include="serialization\__serialize_152.cpp">
      <Filter>serialization</Filter>
    </ClCompile>
    <ClCompile Include="serialization\__serialize_153.cpp">
      <Filter>serialization</Filter>
    </ClCompile>
    <ClCompile Include="serialization\__serialize_154.cpp">
      <Filter>serialization</Filter>
    </ClCompile>
    <ClCompile Include="serialization\__serialize_155.cpp">
      <Filter>serialization</Filter>
    </ClCompile>
    <ClCompile Include="serialization\__serialize_156.cpp">
      <Filter>serialization</Filter>
    </ClCompile>
    <ClCompile Include="serialization\__serialize_157.cpp">
      <Filter>serialization</Filter>
    </ClCompile>
    <ClCompile Include="serialization\__serialize_158.cpp">
      <Filter>serialization</Filter>
    </ClCompile>
    <ClCompile Include="serialization\__serialize_159.cpp">
      <Filter>serialization</Filter>
    </ClCompile>
    <ClCompile Include="serialization\__serialize_160.cpp">
      <Filter>serialization</Filter>
    </ClCompile>
    <ClCompile Include="serialization\__serialize_161.cpp">
      <Filter>serialization</Filter>
    </ClCompile>
    <ClCompile Include="serialization\__serialize_162.cpp">
      <Filter>serialization</Filter>
    </ClCompile>
    <ClCompile Include="serialization\__serialize_163.cpp">
      <Filter>serialization</Filter>
    </ClCompile>
    <ClCompile Include="serialization\__serialize_164.cpp">
      <Filter>serialization</Filter>
    </ClCompile>
    <ClCompile Include="serialization\__serialize_165.cpp">
      <Filter>serialization</Filter>
    </ClCompile>
    <ClCompile Include="serialization\__serialize_166.cpp">
      <Filter>serialization</Filter>
    </ClCompile>
    <ClCompile Include="serialization\__serialize_167.cpp">
      <Filter>serialization</Filter>
    </ClCompile>
    <ClCompile Include="serialization\__serialize_168.cpp">
      <Filter>serialization</Filter>
    </ClCompile>
    <ClCompile Include="serialization\__serialize_169.cpp">
      <Filter>serialization</Filter>
    </ClCompile>
    <ClCompile Include="serialization\__serialize_170.cpp">
      <Filter>serialization</Filter>
    </ClCompile>
    <ClCompile Include="serialization\__serialize_171.cpp">
      <Filter>serialization</Filter>
    </ClCompile>
    <ClCompile Include="serialization\__serialize_172.cpp">
      <Filter>serialization</Filter>
    </ClCompile>
    <ClCompile Include="serialization\__serialize_173.cpp">
      <Filter>serialization</Filter>
    </ClCompile>
    <ClCompile Include="serialization\__serialize_174.cpp">
      <Filter>serialization</Filter>
    </ClCompile>
    <ClCompile Include="serialization\__serialize_175.cpp">
      <Filter>serialization</Filter>
    </ClCompile>
    <ClCompile Include="serialization\__serialize_176.cpp">
      <Filter>serialization</Filter>
    </ClCompile>
    <ClCompile Include="serialization\__serialize_177.cpp">
      <Filter>serialization</Filter>
    </ClCompile>
    <ClCompile Include="serialization\__serialize_178.cpp">
      <Filter>serialization</Filter>
    </ClCompile>
    <ClCompile Include="serialization\__serialize_179.cpp">
      <Filter>serialization</Filter>
    </ClCompile>
    <ClCompile Include="serialization\__serialize_180.cpp">
      <Filter>serialization</Filter>
    </ClCompile>
    <ClCompile Include="serialization\__serialize_181.cpp">
      <Filter>serialization</Filter>
    </ClCompile>
    <ClCompile Include="serialization\__serialize_182.cpp">
      <Filter>serialization</Filter>
    </ClCompile>
    <ClCompile Include="serialization\__serialize_183.cpp">
      <Filter>serialization</Filter>
    </ClCompile>
    <ClCompile Include="serialization\__serialize_184.cpp">
      <Filter>serialization</Filter>
    </ClCompile>
    <ClCompile Include="serialization\__serialize_185.cpp">
      <Filter>serialization</Filter>
    </ClCompile>
    <ClCompile Include="serialization\__serialize_186.cpp">
      <Filter>serialization</Filter>
    </ClCompile>
    <ClCompile Include="serialization\__serialize_187.cpp">
      <Filter>serialization</Filter>
    </ClCompile>
    <ClCompile Include="serialization\__serialize_188.cpp">
      <Filter>serialization</Filter>
    </ClCompile>
    <ClCompile Include="serialization\__serialize_189.cpp">
      <Filter>serialization</Filter>
    </ClCompile>
    <ClCompile Include="serialization\__serialize_190.cpp">
      <Filter>serialization</Filter>
    </ClCompile>
    <ClCompile Include="serialization\__serialize_191.cpp">
      <Filter>serialization</Filter>
    </ClCompile>
    <ClCompile Include="serialization\__serialize_192.cpp">
      <Filter>serialization</Filter>
    </ClCompile>
    <ClCompile Include="serialization\__serialize_193.cpp">
      <Filter>serialization</Filter>
    </ClCompile>
    <ClCompile Include="serialization\__serialize_194.cpp">
      <Filter>serialization</Filter>
    </ClCompile>
    <ClCompile Include="serialization\__serialize_195.cpp">
      <Filter>serialization</Filter>
    </ClCompile>
    <ClCompile Include="serialization\__serialize_196.cpp">
      <Filter>serialization</Filter>
    </ClCompile>
    <ClCompile Include="serialization\__serialize_197.cpp">
      <Filter>serialization</Filter>
    </ClCompile>
    <ClCompile Include="serialization\__serialize_198.cpp">
      <Filter>serialization</Filter>
    </ClCompile>
    <ClCompile Include="serialization\__serialize_199.cpp">
      <Filter>serialization</Filter>
    </ClCompile>
    <ClCompile Include="serialization\__serialize_200.cpp">
      <Filter>serialization</Filter>
    </ClCompile>
    <ClCompile Include="serialization\__serialize_201.cpp">
      <Filter>serialization</Filter>
    </ClCompile>
    <ClCompile Include="serialization\__serialize_202.cpp">
      <Filter>serialization</Filter>
    </ClCompile>
    <ClCompile Include="serialization\__serialize_203.cpp">
      <Filter>serialization</Filter>
    </ClCompile>
    <ClCompile Include="serialization\__serialize_204.cpp">
      <Filter>serialization</Filter>
    </ClCompile>
    <ClCompile Include="serialization\__serialize_205.cpp">
      <Filter>serialization</Filter>
    </ClCompile>
    <ClCompile Include="serialization\__serialize_206.cpp">
      <Filter>serialization</Filter>
    </ClCompile>
    <ClCompile Include="serialization\__serialize_207.cpp">
      <Filter>serialization</Filter>
    </ClCompile>
    <ClCompile Include="serialization\__serialize_208.cpp">
      <Filter>serialization</Filter>
    </ClCompile>
    <ClCompile Include="serialization\__serialize_209.cpp">
      <Filter>serialization</Filter>
    </ClCompile>
    <ClCompile Include="serialization\__serialize_210.cpp">
      <Filter>serialization</Filter>
    </ClCompile>
    <ClCompile Include="serialization\__serialize_211.cpp">
      <Filter>serialization</Filter>
    </ClCompile>
    <ClCompile Include="serialization\__serialize_212.cpp">
      <Filter>serialization</Filter>
    </ClCompile>
    <ClCompile Include="serialization\__serialize_213.cpp">
      <Filter>serialization</Filter>
    </ClCompile>
    <ClCompile Include="serialization\__serialize_214.cpp">
      <Filter>serialization</Filter>
    </ClCompile>
    <ClCompile Include="serialization\__serialize_215.cpp">
      <Filter>serialization</Filter>
    </ClCompile>
    <ClCompile Include="serialization\__serialize_216.cpp">
      <Filter>serialization</Filter>
    </ClCompile>
    <ClCompile Include="serialization\__serialize_217.cpp">
      <Filter>serialization</Filter>
    </ClCompile>
    <ClCompile Include="serialization\__serialize_218.cpp">
      <Filter>serialization</Filter>
    </ClCompile>
    <ClCompile Include="serialization\__serialize_219.cpp">
      <Filter>serialization</Filter>
    </ClCompile>
    <ClCompile Include="serialization\__serialize_220.cpp">
      <Filter>serialization</Filter>
    </ClCompile>
    <ClCompile Include="serialization\__serialize_221.cpp">
      <Filter>serialization</Filter>
    </ClCompile>
    <ClCompile Include="serialization\__serialize_222.cpp">
      <Filter>serialization</Filter>
    </ClCompile>
    <ClCompile Include="serialization\__serialize_223.cpp">
      <Filter>serialization</Filter>
    </ClCompile>
    <ClCompile Include="serialization\__serialize_224.cpp">
      <Filter>serialization</Filter>
    </ClCompile>
    <ClCompile Include="serialization\__serialize_225.cpp">
      <Filter>serialization</Filter>
    </ClCompile>
    <ClCompile Include="serialization\__serialize_226.cpp">
      <Filter>serialization</Filter>
    </ClCompile>
    <ClCompile Include="serialization\__serialize_227.cpp">
      <Filter>serialization</Filter>
    </ClCompile>
    <ClCompile Include="serialization\__serialize_228.cpp">
      <Filter>serialization</Filter>
    </ClCompile>
    <ClCompile Include="serialization\__serialize_229.cpp">
      <Filter>serialization</Filter>
    </ClCompile>
    <ClCompile Include="serialization\__serialize_230.cpp">
      <Filter>serialization</Filter>
    </ClCompile>
    <ClCompile Include="serialization\__serialize_231.cpp">
      <Filter>serialization</Filter>
    </ClCompile>
    <ClCompile Include="serialization\__serialize_232.cpp">
      <Filter>serialization</Filter>
    </ClCompile>
    <ClCompile Include="feature_extraction\dnnfeatureextractor.cpp">
      <Filter>feature_extraction</Filter>
    </ClCompile>
  </ItemGroup>
</Project>