<?xml version="1.0" encoding="utf-8"?>
<Project ToolsVersion="4.0" xmlns="http://schemas.microsoft.com/developer/msbuild/2003">
  <ItemGroup>
    <Filter Include="Quelldateien">
      <UniqueIdentifier>{4FC737F1-C7A5-4376-A066-2A32D752A2FF}</UniqueIdentifier>
      <Extensions>cpp;c;cc;cxx;def;odl;idl;hpj;bat;asm;asmx</Extensions>
    </Filter>
    <Filter Include="Headerdateien">
      <UniqueIdentifier>{93995380-89BD-4b04-88EB-625FBE52EBFB}</UniqueIdentifier>
      <Extensions>h;hpp;hxx;hm;inl;inc;xsd</Extensions>
    </Filter>
    <Filter Include="fertilized">
      <UniqueIdentifier>{a1bae4e7-6b44-47f5-812e-9ca99392f8ed}</UniqueIdentifier>
    </Filter>
    <Filter Include="build">
      <UniqueIdentifier>{7486e0ee-c6b9-4702-8d19-fbcd656ce394}</UniqueIdentifier>
    </Filter>
    <Filter Include="exporters">
      <UniqueIdentifier>{1e2418bb-675b-46c7-89c3-e136aea206f4}</UniqueIdentifier>
    </Filter>
    <Filter Include="exporters_mod_funcs">
      <UniqueIdentifier>{6e40db0a-452a-4189-b66f-1809f5883629}</UniqueIdentifier>
    </Filter>
    <Filter Include="exporters_vec_types">
      <UniqueIdentifier>{29472f62-0a20-4135-9be8-d2d5d3e701b6}</UniqueIdentifier>
    </Filter>
  </ItemGroup>
  <ItemGroup>
    <None Include="build.bat">
      <Filter>build</Filter>
    </None>
    <None Include="build.sh">
      <Filter>build</Filter>
    </None>
    <None Include="SConscript.py">
      <Filter>build</Filter>
    </None>
    <None Include="fertilized\__init__.py">
      <Filter>fertilized</Filter>
    </None>
    <None Include="setup.py">
      <Filter>build</Filter>
    </None>
    <None Include="fertilized\TypeTranslations.py">
      <Filter>fertilized</Filter>
    </None>
  </ItemGroup>
  <ItemGroup>
    <ClCompile Include="pyfertilized.cpp">
      <Filter>Quelldateien</Filter>
    </ClCompile>
    <ClCompile Include="exporters\__0_exporter.cpp">
      <Filter>exporters</Filter>
    </ClCompile>
    <ClCompile Include="exporters\__1_exporter.cpp">
      <Filter>exporters</Filter>
    </ClCompile>
    <ClCompile Include="exporters\__2_exporter.cpp">
      <Filter>exporters</Filter>
    </ClCompile>
    <ClCompile Include="exporters\__3_exporter.cpp">
      <Filter>exporters</Filter>
    </ClCompile>
    <ClCompile Include="exporters\__4_exporter.cpp">
      <Filter>exporters</Filter>
    </ClCompile>
    <ClCompile Include="exporters\__5_exporter.cpp">
      <Filter>exporters</Filter>
    </ClCompile>
    <ClCompile Include="exporters\__6_exporter.cpp">
      <Filter>exporters</Filter>
    </ClCompile>
    <ClCompile Include="exporters\__7_exporter.cpp">
      <Filter>exporters</Filter>
    </ClCompile>
    <ClCompile Include="exporters\__8_exporter.cpp">
      <Filter>exporters</Filter>
    </ClCompile>
    <ClCompile Include="exporters\__9_exporter.cpp">
      <Filter>exporters</Filter>
    </ClCompile>
    <ClCompile Include="exporters\__10_exporter.cpp">
      <Filter>exporters</Filter>
    </ClCompile>
    <ClCompile Include="exporters\__11_exporter.cpp">
      <Filter>exporters</Filter>
    </ClCompile>
    <ClCompile Include="exporters\__12_exporter.cpp">
      <Filter>exporters</Filter>
    </ClCompile>
    <ClCompile Include="exporters\__13_exporter.cpp">
      <Filter>exporters</Filter>
    </ClCompile>
    <ClCompile Include="exporters\__14_exporter.cpp">
      <Filter>exporters</Filter>
    </ClCompile>
    <ClCompile Include="exporters\__15_exporter.cpp">
      <Filter>exporters</Filter>
    </ClCompile>
    <ClCompile Include="exporters\__16_exporter.cpp">
      <Filter>exporters</Filter>
    </ClCompile>
    <ClCompile Include="exporters\__17_exporter.cpp">
      <Filter>exporters</Filter>
    </ClCompile>
    <ClCompile Include="exporters\__18_exporter.cpp">
      <Filter>exporters</Filter>
    </ClCompile>
    <ClCompile Include="exporters\__19_exporter.cpp">
      <Filter>exporters</Filter>
    </ClCompile>
    <ClCompile Include="exporters\__20_exporter.cpp">
      <Filter>exporters</Filter>
    </ClCompile>
    <ClCompile Include="exporters\__21_exporter.cpp">
      <Filter>exporters</Filter>
    </ClCompile>
    <ClCompile Include="exporters\__22_exporter.cpp">
      <Filter>exporters</Filter>
    </ClCompile>
    <ClCompile Include="exporters\__23_exporter.cpp">
      <Filter>exporters</Filter>
    </ClCompile>
    <ClCompile Include="exporters\__24_exporter.cpp">
      <Filter>exporters</Filter>
    </ClCompile>
    <ClCompile Include="exporters\__25_exporter.cpp">
      <Filter>exporters</Filter>
    </ClCompile>
    <ClCompile Include="exporters\__26_exporter.cpp">
      <Filter>exporters</Filter>
    </ClCompile>
    <ClCompile Include="exporters\__27_exporter.cpp">
      <Filter>exporters</Filter>
    </ClCompile>
    <ClCompile Include="exporters\__28_exporter.cpp">
      <Filter>exporters</Filter>
    </ClCompile>
    <ClCompile Include="exporters\__29_exporter.cpp">
      <Filter>exporters</Filter>
    </ClCompile>
    <ClCompile Include="exporters\__30_exporter.cpp">
      <Filter>exporters</Filter>
    </ClCompile>
    <ClCompile Include="exporters\__31_exporter.cpp">
      <Filter>exporters</Filter>
    </ClCompile>
    <ClCompile Include="exporters\__32_exporter.cpp">
      <Filter>exporters</Filter>
    </ClCompile>
    <ClCompile Include="exporters\__33_exporter.cpp">
      <Filter>exporters</Filter>
    </ClCompile>
    <ClCompile Include="exporters\__34_exporter.cpp">
      <Filter>exporters</Filter>
    </ClCompile>
    <ClCompile Include="exporters\__35_exporter.cpp">
      <Filter>exporters</Filter>
    </ClCompile>
    <ClCompile Include="exporters\__36_exporter.cpp">
      <Filter>exporters</Filter>
    </ClCompile>
    <ClCompile Include="exporters\__37_exporter.cpp">
      <Filter>exporters</Filter>
    </ClCompile>
    <ClCompile Include="exporters\__38_exporter.cpp">
      <Filter>exporters</Filter>
    </ClCompile>
    <ClCompile Include="exporters\__39_exporter.cpp">
      <Filter>exporters</Filter>
    </ClCompile>
    <ClCompile Include="exporters\__40_exporter.cpp">
      <Filter>exporters</Filter>
    </ClCompile>
    <ClCompile Include="exporters\__41_exporter.cpp">
      <Filter>exporters</Filter>
    </ClCompile>
    <ClCompile Include="exporters\__42_exporter.cpp">
      <Filter>exporters</Filter>
    </ClCompile>
    <ClCompile Include="exporters\__43_exporter.cpp">
      <Filter>exporters</Filter>
    </ClCompile>
    <ClCompile Include="exporters\__44_exporter.cpp">
      <Filter>exporters</Filter>
    </ClCompile>
    <ClCompile Include="exporters\__45_exporter.cpp">
      <Filter>exporters</Filter>
    </ClCompile>
    <ClCompile Include="exporters\__46_exporter.cpp">
      <Filter>exporters</Filter>
    </ClCompile>
    <ClCompile Include="exporters\__47_exporter.cpp">
      <Filter>exporters</Filter>
    </ClCompile>
    <ClCompile Include="exporters\__48_exporter.cpp">
      <Filter>exporters</Filter>
    </ClCompile>
    <ClCompile Include="exporters\__49_exporter.cpp">
      <Filter>exporters</Filter>
    </ClCompile>
    <ClCompile Include="exporters\__50_exporter.cpp">
      <Filter>exporters</Filter>
    </ClCompile>
    <ClCompile Include="exporters\__51_exporter.cpp">
      <Filter>exporters</Filter>
    </ClCompile>
    <ClCompile Include="exporters\__52_exporter.cpp">
      <Filter>exporters</Filter>
    </ClCompile>
    <ClCompile Include="exporters\__53_exporter.cpp">
      <Filter>exporters</Filter>
    </ClCompile>
    <ClCompile Include="exporters\__54_exporter.cpp">
      <Filter>exporters</Filter>
    </ClCompile>
    <ClCompile Include="exporters\__55_exporter.cpp">
      <Filter>exporters</Filter>
    </ClCompile>
    <ClCompile Include="exporters\__56_exporter.cpp">
      <Filter>exporters</Filter>
    </ClCompile>
    <ClCompile Include="exporters\__57_exporter.cpp">
      <Filter>exporters</Filter>
    </ClCompile>
    <ClCompile Include="exporters\__58_exporter.cpp">
      <Filter>exporters</Filter>
    </ClCompile>
    <ClCompile Include="exporters\__59_exporter.cpp">
      <Filter>exporters</Filter>
    </ClCompile>
    <ClCompile Include="exporters\__60_exporter.cpp">
      <Filter>exporters</Filter>
    </ClCompile>
    <ClCompile Include="exporters\__61_exporter.cpp">
      <Filter>exporters</Filter>
    </ClCompile>
    <ClCompile Include="exporters\__62_exporter.cpp">
      <Filter>exporters</Filter>
    </ClCompile>
    <ClCompile Include="exporters\__63_exporter.cpp">
      <Filter>exporters</Filter>
    </ClCompile>
    <ClCompile Include="exporters\__64_exporter.cpp">
      <Filter>exporters</Filter>
    </ClCompile>
    <ClCompile Include="exporters\__65_exporter.cpp">
      <Filter>exporters</Filter>
    </ClCompile>
    <ClCompile Include="exporters\__66_exporter.cpp">
      <Filter>exporters</Filter>
    </ClCompile>
    <ClCompile Include="exporters\__67_exporter.cpp">
      <Filter>exporters</Filter>
    </ClCompile>
    <ClCompile Include="exporters\__68_exporter.cpp">
      <Filter>exporters</Filter>
    </ClCompile>
    <ClCompile Include="exporters\__69_exporter.cpp">
      <Filter>exporters</Filter>
    </ClCompile>
    <ClCompile Include="exporters\__70_exporter.cpp">
      <Filter>exporters</Filter>
    </ClCompile>
    <ClCompile Include="exporters\__71_exporter.cpp">
      <Filter>exporters</Filter>
    </ClCompile>
    <ClCompile Include="exporters\__72_exporter.cpp">
      <Filter>exporters</Filter>
    </ClCompile>
    <ClCompile Include="exporters\__73_exporter.cpp">
      <Filter>exporters</Filter>
    </ClCompile>
    <ClCompile Include="exporters\__74_exporter.cpp">
      <Filter>exporters</Filter>
    </ClCompile>
    <ClCompile Include="exporters\__75_exporter.cpp">
      <Filter>exporters</Filter>
    </ClCompile>
    <ClCompile Include="exporters\__76_exporter.cpp">
      <Filter>exporters</Filter>
    </ClCompile>
    <ClCompile Include="exporters\__77_exporter.cpp">
      <Filter>exporters</Filter>
    </ClCompile>
    <ClCompile Include="exporters\__78_exporter.cpp">
      <Filter>exporters</Filter>
    </ClCompile>
    <ClCompile Include="exporters\__79_exporter.cpp">
      <Filter>exporters</Filter>
    </ClCompile>
    <ClCompile Include="exporters\__80_exporter.cpp">
      <Filter>exporters</Filter>
    </ClCompile>
    <ClCompile Include="exporters\__81_exporter.cpp">
      <Filter>exporters</Filter>
    </ClCompile>
    <ClCompile Include="exporters\__82_exporter.cpp">
      <Filter>exporters</Filter>
    </ClCompile>
    <ClCompile Include="exporters\__83_exporter.cpp">
      <Filter>exporters</Filter>
    </ClCompile>
    <ClCompile Include="exporters\__84_exporter.cpp">
      <Filter>exporters</Filter>
    </ClCompile>
    <ClCompile Include="exporters\__85_exporter.cpp">
      <Filter>exporters</Filter>
    </ClCompile>
    <ClCompile Include="exporters\__86_exporter.cpp">
      <Filter>exporters</Filter>
    </ClCompile>
    <ClCompile Include="exporters\__87_exporter.cpp">
      <Filter>exporters</Filter>
    </ClCompile>
    <ClCompile Include="exporters\__88_exporter.cpp">
      <Filter>exporters</Filter>
    </ClCompile>
    <ClCompile Include="exporters\__89_exporter.cpp">
      <Filter>exporters</Filter>
    </ClCompile>
    <ClCompile Include="exporters\__90_exporter.cpp">
      <Filter>exporters</Filter>
    </ClCompile>
    <ClCompile Include="exporters\__91_exporter.cpp">
      <Filter>exporters</Filter>
    </ClCompile>
    <ClCompile Include="exporters\__92_exporter.cpp">
      <Filter>exporters</Filter>
    </ClCompile>
    <ClCompile Include="exporters\__93_exporter.cpp">
      <Filter>exporters</Filter>
    </ClCompile>
    <ClCompile Include="exporters\__94_exporter.cpp">
      <Filter>exporters</Filter>
    </ClCompile>
    <ClCompile Include="exporters\__95_exporter.cpp">
      <Filter>exporters</Filter>
    </ClCompile>
    <ClCompile Include="exporters\__96_exporter.cpp">
      <Filter>exporters</Filter>
    </ClCompile>
    <ClCompile Include="exporters\__97_exporter.cpp">
      <Filter>exporters</Filter>
    </ClCompile>
    <ClCompile Include="exporters\__98_exporter.cpp">
      <Filter>exporters</Filter>
    </ClCompile>
    <ClCompile Include="exporters\__99_exporter.cpp">
      <Filter>exporters</Filter>
    </ClCompile>
    <ClCompile Include="exporters\__100_exporter.cpp">
      <Filter>exporters</Filter>
    </ClCompile>
    <ClCompile Include="exporters\__101_exporter.cpp">
      <Filter>exporters</Filter>
    </ClCompile>
    <ClCompile Include="exporters\__102_exporter.cpp">
      <Filter>exporters</Filter>
    </ClCompile>
    <ClCompile Include="exporters\__103_exporter.cpp">
      <Filter>exporters</Filter>
    </ClCompile>
    <ClCompile Include="exporters\__104_exporter.cpp">
      <Filter>exporters</Filter>
    </ClCompile>
    <ClCompile Include="exporters\__105_exporter.cpp">
      <Filter>exporters</Filter>
    </ClCompile>
    <ClCompile Include="exporters\__106_exporter.cpp">
      <Filter>exporters</Filter>
    </ClCompile>
    <ClCompile Include="exporters\__107_exporter.cpp">
      <Filter>exporters</Filter>
    </ClCompile>
    <ClCompile Include="exporters\__108_exporter.cpp">
      <Filter>exporters</Filter>
    </ClCompile>
    <ClCompile Include="exporters\__109_exporter.cpp">
      <Filter>exporters</Filter>
    </ClCompile>
    <ClCompile Include="exporters\__110_exporter.cpp">
      <Filter>exporters</Filter>
    </ClCompile>
    <ClCompile Include="exporters\__111_exporter.cpp">
      <Filter>exporters</Filter>
    </ClCompile>
    <ClCompile Include="exporters\__112_exporter.cpp">
      <Filter>exporters</Filter>
    </ClCompile>
    <ClCompile Include="exporters\__113_exporter.cpp">
      <Filter>exporters</Filter>
    </ClCompile>
    <ClCompile Include="exporters\__114_exporter.cpp">
      <Filter>exporters</Filter>
    </ClCompile>
    <ClCompile Include="exporters\__115_exporter.cpp">
      <Filter>exporters</Filter>
    </ClCompile>
    <ClCompile Include="exporters\__116_exporter.cpp">
      <Filter>exporters</Filter>
    </ClCompile>
    <ClCompile Include="exporters\__117_exporter.cpp">
      <Filter>exporters</Filter>
    </ClCompile>
    <ClCompile Include="exporters\__118_exporter.cpp">
      <Filter>exporters</Filter>
    </ClCompile>
    <ClCompile Include="exporters\__119_exporter.cpp">
      <Filter>exporters</Filter>
    </ClCompile>
    <ClCompile Include="exporters\__120_exporter.cpp">
      <Filter>exporters</Filter>
    </ClCompile>
    <ClCompile Include="exporters\__121_exporter.cpp">
      <Filter>exporters</Filter>
    </ClCompile>
    <ClCompile Include="exporters\__122_exporter.cpp">
      <Filter>exporters</Filter>
    </ClCompile>
    <ClCompile Include="exporters\__123_exporter.cpp">
      <Filter>exporters</Filter>
    </ClCompile>
    <ClCompile Include="exporters\__124_exporter.cpp">
      <Filter>exporters</Filter>
    </ClCompile>
    <ClCompile Include="exporters\__125_exporter.cpp">
      <Filter>exporters</Filter>
    </ClCompile>
    <ClCompile Include="exporters\__126_exporter.cpp">
      <Filter>exporters</Filter>
    </ClCompile>
    <ClCompile Include="exporters\__127_exporter.cpp">
      <Filter>exporters</Filter>
    </ClCompile>
    <ClCompile Include="exporters\__128_exporter.cpp">
      <Filter>exporters</Filter>
    </ClCompile>
    <ClCompile Include="exporters\__129_exporter.cpp">
      <Filter>exporters</Filter>
    </ClCompile>
    <ClCompile Include="exporters\__130_exporter.cpp">
      <Filter>exporters</Filter>
    </ClCompile>
    <ClCompile Include="exporters\__131_exporter.cpp">
      <Filter>exporters</Filter>
    </ClCompile>
    <ClCompile Include="exporters\__132_exporter.cpp">
      <Filter>exporters</Filter>
    </ClCompile>
    <ClCompile Include="exporters\__133_exporter.cpp">
      <Filter>exporters</Filter>
    </ClCompile>
    <ClCompile Include="exporters\__134_exporter.cpp">
      <Filter>exporters</Filter>
    </ClCompile>
    <ClCompile Include="exporters\__135_exporter.cpp">
      <Filter>exporters</Filter>
    </ClCompile>
    <ClCompile Include="exporters\__136_exporter.cpp">
      <Filter>exporters</Filter>
    </ClCompile>
    <ClCompile Include="exporters\__137_exporter.cpp">
      <Filter>exporters</Filter>
    </ClCompile>
    <ClCompile Include="exporters\__138_exporter.cpp">
      <Filter>exporters</Filter>
    </ClCompile>
    <ClCompile Include="exporters\__139_exporter.cpp">
      <Filter>exporters</Filter>
    </ClCompile>
    <ClCompile Include="exporters\__140_exporter.cpp">
      <Filter>exporters</Filter>
    </ClCompile>
    <ClCompile Include="exporters\__141_exporter.cpp">
      <Filter>exporters</Filter>
    </ClCompile>
    <ClCompile Include="exporters\__142_exporter.cpp">
      <Filter>exporters</Filter>
    </ClCompile>
    <ClCompile Include="exporters\__143_exporter.cpp">
      <Filter>exporters</Filter>
    </ClCompile>
    <ClCompile Include="exporters\__144_exporter.cpp">
      <Filter>exporters</Filter>
    </ClCompile>
    <ClCompile Include="exporters\__145_exporter.cpp">
      <Filter>exporters</Filter>
    </ClCompile>
    <ClCompile Include="exporters\__146_exporter.cpp">
      <Filter>exporters</Filter>
    </ClCompile>
    <ClCompile Include="exporters\__147_exporter.cpp">
      <Filter>exporters</Filter>
    </ClCompile>
    <ClCompile Include="exporters\__148_exporter.cpp">
      <Filter>exporters</Filter>
    </ClCompile>
    <ClCompile Include="exporters\__149_exporter.cpp">
      <Filter>exporters</Filter>
    </ClCompile>
    <ClCompile Include="exporters\__150_exporter.cpp">
      <Filter>exporters</Filter>
    </ClCompile>
    <ClCompile Include="exporters\__151_exporter.cpp">
      <Filter>exporters</Filter>
    </ClCompile>
    <ClCompile Include="exporters\__152_exporter.cpp">
      <Filter>exporters</Filter>
    </ClCompile>
    <ClCompile Include="exporters\__153_exporter.cpp">
      <Filter>exporters</Filter>
    </ClCompile>
    <ClCompile Include="exporters\__154_exporter.cpp">
      <Filter>exporters</Filter>
    </ClCompile>
    <ClCompile Include="exporters\__155_exporter.cpp">
      <Filter>exporters</Filter>
    </ClCompile>
    <ClCompile Include="exporters\__156_exporter.cpp">
      <Filter>exporters</Filter>
    </ClCompile>
    <ClCompile Include="exporters\__157_exporter.cpp">
      <Filter>exporters</Filter>
    </ClCompile>
    <ClCompile Include="exporters\__158_exporter.cpp">
      <Filter>exporters</Filter>
    </ClCompile>
    <ClCompile Include="exporters\__159_exporter.cpp">
      <Filter>exporters</Filter>
    </ClCompile>
    <ClCompile Include="exporters\__160_exporter.cpp">
      <Filter>exporters</Filter>
    </ClCompile>
    <ClCompile Include="exporters\__161_exporter.cpp">
      <Filter>exporters</Filter>
    </ClCompile>
    <ClCompile Include="exporters\__162_exporter.cpp">
      <Filter>exporters</Filter>
    </ClCompile>
    <ClCompile Include="exporters\__163_exporter.cpp">
      <Filter>exporters</Filter>
    </ClCompile>
    <ClCompile Include="exporters\__164_exporter.cpp">
      <Filter>exporters</Filter>
    </ClCompile>
    <ClCompile Include="exporters\__165_exporter.cpp">
      <Filter>exporters</Filter>
    </ClCompile>
    <ClCompile Include="exporters\__166_exporter.cpp">
      <Filter>exporters</Filter>
    </ClCompile>
    <ClCompile Include="exporters\__167_exporter.cpp">
      <Filter>exporters</Filter>
    </ClCompile>
    <ClCompile Include="exporters\__168_exporter.cpp">
      <Filter>exporters</Filter>
    </ClCompile>
    <ClCompile Include="exporters\__169_exporter.cpp">
      <Filter>exporters</Filter>
    </ClCompile>
    <ClCompile Include="exporters\__170_exporter.cpp">
      <Filter>exporters</Filter>
    </ClCompile>
    <ClCompile Include="exporters\__171_exporter.cpp">
      <Filter>exporters</Filter>
    </ClCompile>
    <ClCompile Include="exporters\__172_exporter.cpp">
      <Filter>exporters</Filter>
    </ClCompile>
    <ClCompile Include="exporters\__173_exporter.cpp">
      <Filter>exporters</Filter>
    </ClCompile>
    <ClCompile Include="exporters\__174_exporter.cpp">
      <Filter>exporters</Filter>
    </ClCompile>
    <ClCompile Include="exporters\__175_exporter.cpp">
      <Filter>exporters</Filter>
    </ClCompile>
    <ClCompile Include="exporters\__176_exporter.cpp">
      <Filter>exporters</Filter>
    </ClCompile>
    <ClCompile Include="exporters\__177_exporter.cpp">
      <Filter>exporters</Filter>
    </ClCompile>
    <ClCompile Include="exporters\__178_exporter.cpp">
      <Filter>exporters</Filter>
    </ClCompile>
    <ClCompile Include="exporters\__179_exporter.cpp">
      <Filter>exporters</Filter>
    </ClCompile>
    <ClCompile Include="exporters\__180_exporter.cpp">
      <Filter>exporters</Filter>
    </ClCompile>
    <ClCompile Include="exporters\__181_exporter.cpp">
      <Filter>exporters</Filter>
    </ClCompile>
    <ClCompile Include="exporters\__182_exporter.cpp">
      <Filter>exporters</Filter>
    </ClCompile>
    <ClCompile Include="exporters\__183_exporter.cpp">
      <Filter>exporters</Filter>
    </ClCompile>
    <ClCompile Include="exporters\__184_exporter.cpp">
      <Filter>exporters</Filter>
    </ClCompile>
    <ClCompile Include="exporters\__185_exporter.cpp">
      <Filter>exporters</Filter>
    </ClCompile>
    <ClCompile Include="exporters\__186_exporter.cpp">
      <Filter>exporters</Filter>
    </ClCompile>
    <ClCompile Include="exporters\__187_exporter.cpp">
      <Filter>exporters</Filter>
    </ClCompile>
    <ClCompile Include="exporters\__188_exporter.cpp">
      <Filter>exporters</Filter>
    </ClCompile>
    <ClCompile Include="exporters\__189_exporter.cpp">
      <Filter>exporters</Filter>
    </ClCompile>
    <ClCompile Include="exporters\__190_exporter.cpp">
      <Filter>exporters</Filter>
    </ClCompile>
    <ClCompile Include="exporters\__191_exporter.cpp">
      <Filter>exporters</Filter>
    </ClCompile>
    <ClCompile Include="exporters\__192_exporter.cpp">
      <Filter>exporters</Filter>
    </ClCompile>
    <ClCompile Include="exporters\__193_exporter.cpp">
      <Filter>exporters</Filter>
    </ClCompile>
    <ClCompile Include="exporters\__194_exporter.cpp">
      <Filter>exporters</Filter>
    </ClCompile>
    <ClCompile Include="exporters\__195_exporter.cpp">
      <Filter>exporters</Filter>
    </ClCompile>
    <ClCompile Include="exporters\__196_exporter.cpp">
      <Filter>exporters</Filter>
    </ClCompile>
    <ClCompile Include="exporters\__197_exporter.cpp">
      <Filter>exporters</Filter>
    </ClCompile>
    <ClCompile Include="exporters\__198_exporter.cpp">
      <Filter>exporters</Filter>
    </ClCompile>
    <ClCompile Include="exporters\__199_exporter.cpp">
      <Filter>exporters</Filter>
    </ClCompile>
    <ClCompile Include="exporters\__200_exporter.cpp">
      <Filter>exporters</Filter>
    </ClCompile>
    <ClCompile Include="exporters\__201_exporter.cpp">
      <Filter>exporters</Filter>
    </ClCompile>
    <ClCompile Include="exporters\__202_exporter.cpp">
      <Filter>exporters</Filter>
    </ClCompile>
    <ClCompile Include="exporters\__203_exporter.cpp">
      <Filter>exporters</Filter>
    </ClCompile>
    <ClCompile Include="exporters\__204_exporter.cpp">
      <Filter>exporters</Filter>
    </ClCompile>
    <ClCompile Include="exporters\__205_exporter.cpp">
      <Filter>exporters</Filter>
    </ClCompile>
    <ClCompile Include="exporters\__206_exporter.cpp">
      <Filter>exporters</Filter>
    </ClCompile>
    <ClCompile Include="exporters\__207_exporter.cpp">
      <Filter>exporters</Filter>
    </ClCompile>
    <ClCompile Include="exporters\__208_exporter.cpp">
      <Filter>exporters</Filter>
    </ClCompile>
    <ClCompile Include="exporters\__209_exporter.cpp">
      <Filter>exporters</Filter>
    </ClCompile>
    <ClCompile Include="exporters\__210_exporter.cpp">
      <Filter>exporters</Filter>
    </ClCompile>
    <ClCompile Include="exporters\__211_exporter.cpp">
      <Filter>exporters</Filter>
    </ClCompile>
    <ClCompile Include="exporters\__212_exporter.cpp">
      <Filter>exporters</Filter>
    </ClCompile>
    <ClCompile Include="exporters\__213_exporter.cpp">
      <Filter>exporters</Filter>
    </ClCompile>
    <ClCompile Include="exporters\__214_exporter.cpp">
      <Filter>exporters</Filter>
    </ClCompile>
    <ClCompile Include="exporters\__215_exporter.cpp">
      <Filter>exporters</Filter>
    </ClCompile>
    <ClCompile Include="exporters\__216_exporter.cpp">
      <Filter>exporters</Filter>
    </ClCompile>
    <ClCompile Include="exporters\__217_exporter.cpp">
      <Filter>exporters</Filter>
    </ClCompile>
    <ClCompile Include="exporters\__218_exporter.cpp">
      <Filter>exporters</Filter>
    </ClCompile>
    <ClCompile Include="exporters\__219_exporter.cpp">
      <Filter>exporters</Filter>
    </ClCompile>
    <ClCompile Include="exporters\__220_exporter.cpp">
      <Filter>exporters</Filter>
    </ClCompile>
    <ClCompile Include="exporters\__221_exporter.cpp">
      <Filter>exporters</Filter>
    </ClCompile>
    <ClCompile Include="exporters\__222_exporter.cpp">
      <Filter>exporters</Filter>
    </ClCompile>
    <ClCompile Include="exporters\__223_exporter.cpp">
      <Filter>exporters</Filter>
    </ClCompile>
    <ClCompile Include="exporters\__224_exporter.cpp">
      <Filter>exporters</Filter>
    </ClCompile>
    <ClCompile Include="exporters\__225_exporter.cpp">
      <Filter>exporters</Filter>
    </ClCompile>
    <ClCompile Include="exporters\__226_exporter.cpp">
      <Filter>exporters</Filter>
    </ClCompile>
    <ClCompile Include="exporters\__227_exporter.cpp">
      <Filter>exporters</Filter>
    </ClCompile>
    <ClCompile Include="exporters\__228_exporter.cpp">
      <Filter>exporters</Filter>
    </ClCompile>
    <ClCompile Include="exporters\__229_exporter.cpp">
      <Filter>exporters</Filter>
    </ClCompile>
    <ClCompile Include="exporters\__230_exporter.cpp">
      <Filter>exporters</Filter>
    </ClCompile>
    <ClCompile Include="exporters\__231_exporter.cpp">
      <Filter>exporters</Filter>
    </ClCompile>
    <ClCompile Include="exporters\__232_exporter.cpp">
      <Filter>exporters</Filter>
    </ClCompile>
    <ClCompile Include="exporters\__233_exporter.cpp">
      <Filter>exporters</Filter>
    </ClCompile>
    <ClCompile Include="exporters\__234_exporter.cpp">
      <Filter>exporters</Filter>
    </ClCompile>
    <ClCompile Include="exporters\__235_exporter.cpp">
      <Filter>exporters</Filter>
    </ClCompile>
    <ClCompile Include="exporters\__236_exporter.cpp">
      <Filter>exporters</Filter>
    </ClCompile>
    <ClCompile Include="exporters\__237_exporter.cpp">
      <Filter>exporters</Filter>
    </ClCompile>
    <ClCompile Include="exporters\__238_exporter.cpp">
      <Filter>exporters</Filter>
    </ClCompile>
    <ClCompile Include="exporters\__239_exporter.cpp">
      <Filter>exporters</Filter>
    </ClCompile>
    <ClCompile Include="exporters\__240_exporter.cpp">
      <Filter>exporters</Filter>
    </ClCompile>
    <ClCompile Include="exporters\__241_exporter.cpp">
      <Filter>exporters</Filter>
    </ClCompile>
    <ClCompile Include="exporters\__242_exporter.cpp">
      <Filter>exporters</Filter>
    </ClCompile>
    <ClCompile Include="exporters\__243_exporter.cpp">
      <Filter>exporters</Filter>
    </ClCompile>
    <ClCompile Include="exporters\__244_exporter.cpp">
      <Filter>exporters</Filter>
    </ClCompile>
    <ClCompile Include="exporters\__245_exporter.cpp">
      <Filter>exporters</Filter>
    </ClCompile>
    <ClCompile Include="exporters\__246_exporter.cpp">
      <Filter>exporters</Filter>
    </ClCompile>
    <ClCompile Include="exporters\__247_exporter.cpp">
      <Filter>exporters</Filter>
    </ClCompile>
    <ClCompile Include="exporters\__248_exporter.cpp">
      <Filter>exporters</Filter>
    </ClCompile>
    <ClCompile Include="exporters\__249_exporter.cpp">
      <Filter>exporters</Filter>
    </ClCompile>
    <ClCompile Include="exporters\__250_exporter.cpp">
      <Filter>exporters</Filter>
    </ClCompile>
    <ClCompile Include="exporters\__251_exporter.cpp">
      <Filter>exporters</Filter>
    </ClCompile>
    <ClCompile Include="exporters\__252_exporter.cpp">
      <Filter>exporters</Filter>
    </ClCompile>
    <ClCompile Include="exporters\__253_exporter.cpp">
      <Filter>exporters</Filter>
    </ClCompile>
    <ClCompile Include="exporters_mod_funcs\__export_module_function_0.cpp">
      <Filter>exporters_mod_funcs</Filter>
    </ClCompile>
    <ClCompile Include="exporters_mod_funcs\__export_module_function_1.cpp">
      <Filter>exporters_mod_funcs</Filter>
    </ClCompile>
    <ClCompile Include="exporters_mod_funcs\__export_module_function_2.cpp">
      <Filter>exporters_mod_funcs</Filter>
    </ClCompile>
    <ClCompile Include="exporters_mod_funcs\__export_module_function_3.cpp">
      <Filter>exporters_mod_funcs</Filter>
    </ClCompile>
    <ClCompile Include="exporters_mod_funcs\__export_module_function_4.cpp">
      <Filter>exporters_mod_funcs</Filter>
    </ClCompile>
    <ClCompile Include="exporters_mod_funcs\__export_module_function_5.cpp">
      <Filter>exporters_mod_funcs</Filter>
    </ClCompile>
    <ClCompile Include="exporters_mod_funcs\__export_module_function_6.cpp">
      <Filter>exporters_mod_funcs</Filter>
    </ClCompile>
    <ClCompile Include="exporters_mod_funcs\__export_module_function_7.cpp">
      <Filter>exporters_mod_funcs</Filter>
    </ClCompile>
    <ClCompile Include="exporters_mod_funcs\__export_module_function_8.cpp">
      <Filter>exporters_mod_funcs</Filter>
    </ClCompile>
    <ClCompile Include="exporters_mod_funcs\__export_module_function_9.cpp">
      <Filter>exporters_mod_funcs</Filter>
    </ClCompile>
    <ClCompile Include="exporters_mod_funcs\__export_module_function_10.cpp">
      <Filter>exporters_mod_funcs</Filter>
    </ClCompile>
    <ClCompile Include="exporters_mod_funcs\__export_module_function_11.cpp">
      <Filter>exporters_mod_funcs</Filter>
    </ClCompile>
    <ClCompile Include="exporters_mod_funcs\__export_module_function_12.cpp">
      <Filter>exporters_mod_funcs</Filter>
    </ClCompile>
    <ClCompile Include="exporters_mod_funcs\__export_module_function_13.cpp">
      <Filter>exporters_mod_funcs</Filter>
    </ClCompile>
    <ClCompile Include="exporters_mod_funcs\__export_module_function_14.cpp">
      <Filter>exporters_mod_funcs</Filter>
    </ClCompile>
    <ClCompile Include="exporters_mod_funcs\__export_module_function_15.cpp">
      <Filter>exporters_mod_funcs</Filter>
    </ClCompile>
    <ClCompile Include="exporters_vec_types\__vec_exporter_0.cpp">
      <Filter>exporters_vec_types</Filter>
    </ClCompile>
    <ClCompile Include="exporters_vec_types\__vec_exporter_1.cpp">
      <Filter>exporters_vec_types</Filter>
    </ClCompile>
    <ClCompile Include="exporters_vec_types\__vec_exporter_2.cpp">
      <Filter>exporters_vec_types</Filter>
    </ClCompile>
    <ClCompile Include="exporters_vec_types\__vec_exporter_3.cpp">
      <Filter>exporters_vec_types</Filter>
    </ClCompile>
    <ClCompile Include="exporters_vec_types\__vec_exporter_4.cpp">
      <Filter>exporters_vec_types</Filter>
    </ClCompile>
    <ClCompile Include="exporters_vec_types\__vec_exporter_5.cpp">
      <Filter>exporters_vec_types</Filter>
    </ClCompile>
    <ClCompile Include="exporters_vec_types\__vec_exporter_6.cpp">
      <Filter>exporters_vec_types</Filter>
    </ClCompile>
    <ClCompile Include="exporters_vec_types\__vec_exporter_7.cpp">
      <Filter>exporters_vec_types</Filter>
    </ClCompile>
    <ClCompile Include="exporters_vec_types\__vec_exporter_8.cpp">
      <Filter>exporters_vec_types</Filter>
    </ClCompile>
    <ClCompile Include="exporters_vec_types\__vec_exporter_9.cpp">
      <Filter>exporters_vec_types</Filter>
    </ClCompile>
    <ClCompile Include="exporters_vec_types\__vec_exporter_10.cpp">
      <Filter>exporters_vec_types</Filter>
    </ClCompile>
    <ClCompile Include="exporters_vec_types\__vec_exporter_11.cpp">
      <Filter>exporters_vec_types</Filter>
    </ClCompile>
    <ClCompile Include="exporters_vec_types\__vec_exporter_12.cpp">
      <Filter>exporters_vec_types</Filter>
    </ClCompile>
    <ClCompile Include="exporters_vec_types\__vec_exporter_13.cpp">
      <Filter>exporters_vec_types</Filter>
    </ClCompile>
    <ClCompile Include="exporters_vec_types\__vec_exporter_14.cpp">
      <Filter>exporters_vec_types</Filter>
    </ClCompile>
    <ClCompile Include="exporters_vec_types\__vec_exporter_15.cpp">
      <Filter>exporters_vec_types</Filter>
    </ClCompile>
    <ClCompile Include="exporters_vec_types\__vec_exporter_16.cpp">
      <Filter>exporters_vec_types</Filter>
    </ClCompile>
    <ClCompile Include="exporters_vec_types\__vec_exporter_17.cpp">
      <Filter>exporters_vec_types</Filter>
    </ClCompile>
    <ClCompile Include="exporters_vec_types\__vec_exporter_18.cpp">
      <Filter>exporters_vec_types</Filter>
    </ClCompile>
    <ClCompile Include="exporters_vec_types\__vec_exporter_19.cpp">
      <Filter>exporters_vec_types</Filter>
    </ClCompile>
    <ClCompile Include="exporters_vec_types\__vec_exporter_20.cpp">
      <Filter>exporters_vec_types</Filter>
    </ClCompile>
    <ClCompile Include="exporters_vec_types\__vec_exporter_21.cpp">
      <Filter>exporters_vec_types</Filter>
    </ClCompile>
    <ClCompile Include="exporters_vec_types\__vec_exporter_22.cpp">
      <Filter>exporters_vec_types</Filter>
    </ClCompile>
  </ItemGroup>
  <ItemGroup>
    <ClInclude Include="exporters\__AlignedSurfaceCalculator_exporter.h">
      <Filter>exporters</Filter>
    </ClInclude>
    <ClInclude Include="exporters\__AlternatingThresholdOptimizer_exporter.h">
      <Filter>exporters</Filter>
    </ClInclude>
    <ClInclude Include="exporters\__ClassicTraining_exporter.h">
      <Filter>exporters</Filter>
    </ClInclude>
    <ClInclude Include="exporters\__ClassificationError_exporter.h">
      <Filter>exporters</Filter>
    </ClInclude>
    <ClInclude Include="exporters\__ClassificationLeafManager_exporter.h">
      <Filter>exporters</Filter>
    </ClInclude>
    <ClInclude Include="exporters\__ClassificationThresholdOptimizer_exporter.h">
      <Filter>exporters</Filter>
    </ClInclude>
    <ClInclude Include="exporters\__ConstantRegressionCalculator_exporter.h">
      <Filter>exporters</Filter>
    </ClInclude>
    <ClInclude Include="exporters\__DifferenceSurfaceCalculator_exporter.h">
      <Filter>exporters</Filter>
    </ClInclude>
    <ClInclude Include="exporters\__DirectPatchDifferenceSurfCalculator_exporter.h">
      <Filter>exporters</Filter>
    </ClInclude>
    <ClInclude Include="exporters\__EntropyGain_exporter.h">
      <Filter>exporters</Filter>
    </ClInclude>
    <ClInclude Include="exporters\__EqualDistBagging_exporter.h">
      <Filter>exporters</Filter>
    </ClInclude>
    <ClInclude Include="exporters\__FeatCalcParamSet_exporter.h">
      <Filter>exporters</Filter>
    </ClInclude>
    <ClInclude Include="exporters\__Forest_exporter.h">
      <Filter>exporters</Filter>
    </ClInclude>
    <ClInclude Include="exporters\__HoughLeafManager_exporter.h">
      <Filter>exporters</Filter>
    </ClInclude>
    <ClInclude Include="exporters\__IBaggingStrategy_exporter.h">
      <Filter>exporters</Filter>
    </ClInclude>
    <ClInclude Include="exporters\__IDataProvider_exporter.h">
      <Filter>exporters</Filter>
    </ClInclude>
    <ClInclude Include="exporters\__IDecider_exporter.h">
      <Filter>exporters</Filter>
    </ClInclude>
    <ClInclude Include="exporters\__IEntropyFunction_exporter.h">
      <Filter>exporters</Filter>
    </ClInclude>
    <ClInclude Include="exporters\__IExecutionStrategy_exporter.h">
      <Filter>exporters</Filter>
    </ClInclude>
    <ClInclude Include="exporters\__IFeatureSelectionProvider_exporter.h">
      <Filter>exporters</Filter>
    </ClInclude>
    <ClInclude Include="exporters\__IForestDataProvider_exporter.h">
      <Filter>exporters</Filter>
    </ClInclude>
    <ClInclude Include="exporters\__IGainCalculator_exporter.h">
      <Filter>exporters</Filter>
    </ClInclude>
    <ClInclude Include="exporters\__ILeafManager_exporter.h">
      <Filter>exporters</Filter>
    </ClInclude>
    <ClInclude Include="exporters\__InducedEntropy_exporter.h">
      <Filter>exporters</Filter>
    </ClInclude>
    <ClInclude Include="exporters\__IRegressionCalculator_exporter.h">
      <Filter>exporters</Filter>
    </ClInclude>
    <ClInclude Include="exporters\__ISampleManager_exporter.h">
      <Filter>exporters</Filter>
    </ClInclude>
    <ClInclude Include="exporters\__ISurfaceCalculator_exporter.h">
      <Filter>exporters</Filter>
    </ClInclude>
    <ClInclude Include="exporters\__IThresholdOptimizer_exporter.h">
      <Filter>exporters</Filter>
    </ClInclude>
    <ClInclude Include="exporters\__ITraining_exporter.h">
      <Filter>exporters</Filter>
    </ClInclude>
    <ClInclude Include="exporters\__LinearRegressionCalculator_exporter.h">
      <Filter>exporters</Filter>
    </ClInclude>
    <ClInclude Include="exporters\__LinearSurfaceCalculator_exporter.h">
      <Filter>exporters</Filter>
    </ClInclude>
    <ClInclude Include="exporters\__LocalExecutionStrategy_exporter.h">
      <Filter>exporters</Filter>
    </ClInclude>
    <ClInclude Include="exporters\__NoBagging_exporter.h">
      <Filter>exporters</Filter>
    </ClInclude>
    <ClInclude Include="exporters\__NoCopyPatchSampleManager_exporter.h">
      <Filter>exporters</Filter>
    </ClInclude>
    <ClInclude Include="exporters\__PatchSampleManager_exporter.h">
      <Filter>exporters</Filter>
    </ClInclude>
    <ClInclude Include="exporters\__QuadraticSurfaceCalculator_exporter.h">
      <Filter>exporters</Filter>
    </ClInclude>
    <ClInclude Include="exporters\__RandomizedClassificationThresholdOptimizer_exporter.h">
      <Filter>exporters</Filter>
    </ClInclude>
    <ClInclude Include="exporters\__RegressionLeafManager_exporter.h">
      <Filter>exporters</Filter>
    </ClInclude>
    <ClInclude Include="exporters\__RegressionThresholdOptimizer_exporter.h">
      <Filter>exporters</Filter>
    </ClInclude>
    <ClInclude Include="exporters\__RenyiEntropy_exporter.h">
      <Filter>exporters</Filter>
    </ClInclude>
    <ClInclude Include="exporters\__ShannonEntropy_exporter.h">
      <Filter>exporters</Filter>
    </ClInclude>
    <ClInclude Include="exporters\__StandardFeatureSelectionProvider_exporter.h">
      <Filter>exporters</Filter>
    </ClInclude>
    <ClInclude Include="exporters\__SubsamplingDataProvider_exporter.h">
      <Filter>exporters</Filter>
    </ClInclude>
    <ClInclude Include="exporters\__ThresholdDecider_exporter.h">
      <Filter>exporters</Filter>
    </ClInclude>
    <ClInclude Include="exporters\__Tree_exporter.h">
      <Filter>exporters</Filter>
    </ClInclude>
    <ClInclude Include="exporters\__TsallisEntropy_exporter.h">
      <Filter>exporters</Filter>
    </ClInclude>
    <ClInclude Include="exporters\__TwoSideClassificationThresholdOptimizer_exporter.h">
      <Filter>exporters</Filter>
    </ClInclude>
    <ClInclude Include="exporters\__UnchangedDataProvider_exporter.h">
      <Filter>exporters</Filter>
    </ClInclude>
    <ClInclude Include="exporters\__UnchangedFDataProvider_exporter.h">
      <Filter>exporters</Filter>
    </ClInclude>
    <ClInclude Include="exporters\__VarianceClassificationThresholdOptimizer_exporter.h">
      <Filter>exporters</Filter>
    </ClInclude>
    <ClInclude Include="exporters\__VolumeFeatureSelectionProvider_exporter.h">
      <Filter>exporters</Filter>
    </ClInclude>
    <ClInclude Include="exporters_mod_funcs\export_module_functions.h">
      <Filter>exporters_mod_funcs</Filter>
    </ClInclude>
    <ClInclude Include="exporters_vec_types\vec_exporter.h">
      <Filter>exporters_vec_types</Filter>
    </ClInclude>
    <ClInclude Include="util.h">
      <Filter>Headerdateien</Filter>
    </ClInclude>
    <ClInclude Include="global.h">
      <Filter>Headerdateien</Filter>
    </ClInclude>
    <ClInclude Include="serialization.h">
      <Filter>Headerdateien</Filter>
    </ClInclude>
  </ItemGroup>
</Project>